// !$*UTF8*$!
{
	archiveVersion = 1;
	classes = {
	};
	objectVersion = 46;
	objects = {

/* Begin PBXBuildFile section */
		BFBA8EF6173AACF300563117 /* ProjectsViewController.m in Sources */ = {isa = PBXBuildFile; fileRef = BFBA8EF4173AACF300563117 /* ProjectsViewController.m */; };
		BFBA8EF7173AACF300563117 /* ProjectsViewController.xib in Resources */ = {isa = PBXBuildFile; fileRef = BFBA8EF5173AACF300563117 /* ProjectsViewController.xib */; };
		BFBA8EFA173AAED100563117 /* tabStrip.project.active@2x.png in Resources */ = {isa = PBXBuildFile; fileRef = BFBA8EF8173AAED100563117 /* tabStrip.project.active@2x.png */; };
		BFBA8EFB173AAED100563117 /* tabStrip.project.inactive@2x.png in Resources */ = {isa = PBXBuildFile; fileRef = BFBA8EF9173AAED100563117 /* tabStrip.project.inactive@2x.png */; };
		BFBA8EFD173AAFB200563117 /* ProjectCell.xib in Resources */ = {isa = PBXBuildFile; fileRef = BFBA8EFC173AAFB200563117 /* ProjectCell.xib */; };
		BFBA8F00173AC20500563117 /* tabStrip.project.active.png in Resources */ = {isa = PBXBuildFile; fileRef = BFBA8EFE173AC20500563117 /* tabStrip.project.active.png */; };
		BFBA8F01173AC20500563117 /* tabStrip.project.inactive.png in Resources */ = {isa = PBXBuildFile; fileRef = BFBA8EFF173AC20500563117 /* tabStrip.project.inactive.png */; };
		BFE391B2173414B500749966 /* MenuCell.xib in Resources */ = {isa = PBXBuildFile; fileRef = BFE391B1173414B500749966 /* MenuCell.xib */; };
		BFE391B41734183E00749966 /* gs.head.png in Resources */ = {isa = PBXBuildFile; fileRef = BFE391B31734183E00749966 /* gs.head.png */; };
		BFE391B817341BEC00749966 /* EditProfileViewController.m in Sources */ = {isa = PBXBuildFile; fileRef = BFE391B617341BEC00749966 /* EditProfileViewController.m */; };
		BFE391B917341BEC00749966 /* EditProfileViewController.xib in Resources */ = {isa = PBXBuildFile; fileRef = BFE391B717341BEC00749966 /* EditProfileViewController.xib */; };
		BFE391BB17341C7600749966 /* default.color.strip@2x.png in Resources */ = {isa = PBXBuildFile; fileRef = BFE391BA17341C7600749966 /* default.color.strip@2x.png */; };
		BFE391BE173439AC00749966 /* SwipeyLabel.m in Sources */ = {isa = PBXBuildFile; fileRef = BFE391BD173439AC00749966 /* SwipeyLabel.m */; };
		BFE391C01737DD4500749966 /* CalculatorViewController.xib in Resources */ = {isa = PBXBuildFile; fileRef = BFE391BF1737DD4500749966 /* CalculatorViewController.xib */; };
		BFE391C31737F50900749966 /* Alerts.m in Sources */ = {isa = PBXBuildFile; fileRef = BFE391C21737F50900749966 /* Alerts.m */; };
		BFE391C71738118200749966 /* edit.profile.help.button@2x.png in Resources */ = {isa = PBXBuildFile; fileRef = BFE391C41738118200749966 /* edit.profile.help.button@2x.png */; };
		BFE391C81738118200749966 /* modal.dismiss.button@2x.png in Resources */ = {isa = PBXBuildFile; fileRef = BFE391C51738118200749966 /* modal.dismiss.button@2x.png */; };
		BFE391C91738118200749966 /* profile.help.button@2x.png in Resources */ = {isa = PBXBuildFile; fileRef = BFE391C61738118200749966 /* profile.help.button@2x.png */; };
		BFE391CD173811A000749966 /* WebViewController.m in Sources */ = {isa = PBXBuildFile; fileRef = BFE391CB1738119F00749966 /* WebViewController.m */; };
		BFE391CE173811A000749966 /* WebViewController.xib in Resources */ = {isa = PBXBuildFile; fileRef = BFE391CC1738119F00749966 /* WebViewController.xib */; };
		BFE391D61738192A00749966 /* menu.icon.support@2x.png in Resources */ = {isa = PBXBuildFile; fileRef = BFE391CF1738192A00749966 /* menu.icon.support@2x.png */; };
		BFE391D71738192A00749966 /* web.view.back.button@2x.png in Resources */ = {isa = PBXBuildFile; fileRef = BFE391D01738192A00749966 /* web.view.back.button@2x.png */; };
		BFE391D81738192A00749966 /* web.view.close.button@2x.png in Resources */ = {isa = PBXBuildFile; fileRef = BFE391D11738192A00749966 /* web.view.close.button@2x.png */; };
		BFE391D91738192A00749966 /* web.view.elipsis.dot@2x.png in Resources */ = {isa = PBXBuildFile; fileRef = BFE391D21738192A00749966 /* web.view.elipsis.dot@2x.png */; };
		BFE391DA1738192A00749966 /* web.view.forward.button@2x.png in Resources */ = {isa = PBXBuildFile; fileRef = BFE391D31738192A00749966 /* web.view.forward.button@2x.png */; };
		BFE391DB1738192A00749966 /* web.view.refresh.button@2x.png in Resources */ = {isa = PBXBuildFile; fileRef = BFE391D41738192A00749966 /* web.view.refresh.button@2x.png */; };
		BFE391DC1738192A00749966 /* web.view.toolBar.background@2x.png in Resources */ = {isa = PBXBuildFile; fileRef = BFE391D51738192A00749966 /* web.view.toolBar.background@2x.png */; };
		BFE391EC173827F700749966 /* edit.profile.change.photo@2x.png in Resources */ = {isa = PBXBuildFile; fileRef = BFE391DD173827F700749966 /* edit.profile.change.photo@2x.png */; };
		BFE391ED173827F700749966 /* edit.profile.help.button.png in Resources */ = {isa = PBXBuildFile; fileRef = BFE391DE173827F700749966 /* edit.profile.help.button.png */; };
		BFE391EE173827F700749966 /* edit.profile.photo.background@2x.png in Resources */ = {isa = PBXBuildFile; fileRef = BFE391DF173827F700749966 /* edit.profile.photo.background@2x.png */; };
		BFE391EF173827F700749966 /* edit.profile.plus.button.png in Resources */ = {isa = PBXBuildFile; fileRef = BFE391E0173827F700749966 /* edit.profile.plus.button.png */; };
		BFE391F0173827F700749966 /* edit.profile.plus.button@2x.png in Resources */ = {isa = PBXBuildFile; fileRef = BFE391E1173827F700749966 /* edit.profile.plus.button@2x.png */; };
		BFE391F1173827F700749966 /* modal.dismiss.button.png in Resources */ = {isa = PBXBuildFile; fileRef = BFE391E2173827F700749966 /* modal.dismiss.button.png */; };
		BFE391F2173827F700749966 /* profile.help.button.png in Resources */ = {isa = PBXBuildFile; fileRef = BFE391E3173827F700749966 /* profile.help.button.png */; };
		BFE391F3173827F700749966 /* tabStrip.calculator.active.png in Resources */ = {isa = PBXBuildFile; fileRef = BFE391E4173827F700749966 /* tabStrip.calculator.active.png */; };
		BFE391F4173827F700749966 /* tabStrip.calculator.inactive.png in Resources */ = {isa = PBXBuildFile; fileRef = BFE391E5173827F700749966 /* tabStrip.calculator.inactive.png */; };
		BFE391F5173827F700749966 /* tabStrip.profile.active.png in Resources */ = {isa = PBXBuildFile; fileRef = BFE391E6173827F700749966 /* tabStrip.profile.active.png */; };
		BFE391F6173827F700749966 /* tabStrip.profile.inactive.png in Resources */ = {isa = PBXBuildFile; fileRef = BFE391E7173827F700749966 /* tabStrip.profile.inactive.png */; };
		BFE391F7173827F700749966 /* web.view.back.button.png in Resources */ = {isa = PBXBuildFile; fileRef = BFE391E8173827F700749966 /* web.view.back.button.png */; };
		BFE391F8173827F700749966 /* web.view.close.button.png in Resources */ = {isa = PBXBuildFile; fileRef = BFE391E9173827F700749966 /* web.view.close.button.png */; };
		BFE391F9173827F700749966 /* web.view.forward.button.png in Resources */ = {isa = PBXBuildFile; fileRef = BFE391EA173827F700749966 /* web.view.forward.button.png */; };
		BFE391FA173827F700749966 /* web.view.refresh.button.png in Resources */ = {isa = PBXBuildFile; fileRef = BFE391EB173827F700749966 /* web.view.refresh.button.png */; };
		BFE391FD1739351500749966 /* Database.m in Sources */ = {isa = PBXBuildFile; fileRef = BFE391FC1739351400749966 /* Database.m */; };
		BFE391FF1739356900749966 /* libsqlite3.0.dylib in Frameworks */ = {isa = PBXBuildFile; fileRef = BFE391FE1739356800749966 /* libsqlite3.0.dylib */; };
		BFE39205173A8A1900749966 /* Social.framework in Frameworks */ = {isa = PBXBuildFile; fileRef = BFE39204173A8A1900749966 /* Social.framework */; };
		BFE39207173A8C1700749966 /* Twitter.framework in Frameworks */ = {isa = PBXBuildFile; fileRef = BFE39206173A8C1700749966 /* Twitter.framework */; };
		BFE3920A173A91D200749966 /* popup.bubble.png in Resources */ = {isa = PBXBuildFile; fileRef = BFE39208173A91D100749966 /* popup.bubble.png */; };
		BFE3920B173A91D200749966 /* popup.bubble@2x.png in Resources */ = {isa = PBXBuildFile; fileRef = BFE39209173A91D200749966 /* popup.bubble@2x.png */; };
		BFE3920E173AA27800749966 /* default.callout.arrow@2x.png in Resources */ = {isa = PBXBuildFile; fileRef = BFE3920C173AA27800749966 /* default.callout.arrow@2x.png */; };
		BFE3920F173AA27800749966 /* default.callout.box@2x.png in Resources */ = {isa = PBXBuildFile; fileRef = BFE3920D173AA27800749966 /* default.callout.box@2x.png */; };
		BFF1D29E1732BBCB00B02D46 /* UIKit.framework in Frameworks */ = {isa = PBXBuildFile; fileRef = BFF1D29D1732BBCB00B02D46 /* UIKit.framework */; };
		BFF1D2A01732BBCB00B02D46 /* Foundation.framework in Frameworks */ = {isa = PBXBuildFile; fileRef = BFF1D29F1732BBCB00B02D46 /* Foundation.framework */; };
		BFF1D2A21732BBCB00B02D46 /* CoreGraphics.framework in Frameworks */ = {isa = PBXBuildFile; fileRef = BFF1D2A11732BBCB00B02D46 /* CoreGraphics.framework */; };
		BFF1D2A81732BBCB00B02D46 /* InfoPlist.strings in Resources */ = {isa = PBXBuildFile; fileRef = BFF1D2A61732BBCB00B02D46 /* InfoPlist.strings */; };
		BFF1D2AA1732BBCB00B02D46 /* main.m in Sources */ = {isa = PBXBuildFile; fileRef = BFF1D2A91732BBCB00B02D46 /* main.m */; };
		BFF1D2AE1732BBCB00B02D46 /* AppDelegate.m in Sources */ = {isa = PBXBuildFile; fileRef = BFF1D2AD1732BBCB00B02D46 /* AppDelegate.m */; };
		BFF1D2B01732BBCB00B02D46 /* Default.png in Resources */ = {isa = PBXBuildFile; fileRef = BFF1D2AF1732BBCB00B02D46 /* Default.png */; };
		BFF1D2B21732BBCB00B02D46 /* Default@2x.png in Resources */ = {isa = PBXBuildFile; fileRef = BFF1D2B11732BBCB00B02D46 /* Default@2x.png */; };
		BFF1D2B41732BBCB00B02D46 /* Default-568h@2x.png in Resources */ = {isa = PBXBuildFile; fileRef = BFF1D2B31732BBCB00B02D46 /* Default-568h@2x.png */; };
		BFF1D2B71732BBCB00B02D46 /* RootViewController.m in Sources */ = {isa = PBXBuildFile; fileRef = BFF1D2B61732BBCB00B02D46 /* RootViewController.m */; };
		BFF1D2BA1732BBCB00B02D46 /* RootViewController.xib in Resources */ = {isa = PBXBuildFile; fileRef = BFF1D2B81732BBCB00B02D46 /* RootViewController.xib */; };
		BFF1D2C21732BECA00B02D46 /* UIImage+Retina4.m in Sources */ = {isa = PBXBuildFile; fileRef = BFF1D2C11732BECA00B02D46 /* UIImage+Retina4.m */; };
		BFF1D2C51732BF1C00B02D46 /* UITextField+Customizations.m in Sources */ = {isa = PBXBuildFile; fileRef = BFF1D2C41732BF1C00B02D46 /* UITextField+Customizations.m */; };
		BFF1D2CC1732C3BB00B02D46 /* green.button.doubleWide.png in Resources */ = {isa = PBXBuildFile; fileRef = BFF1D2C61732C3BB00B02D46 /* green.button.doubleWide.png */; };
		BFF1D2CD1732C3BB00B02D46 /* green.button.doubleWide@2x.png in Resources */ = {isa = PBXBuildFile; fileRef = BFF1D2C71732C3BB00B02D46 /* green.button.doubleWide@2x.png */; };
		BFF1D2CE1732C3BB00B02D46 /* Icon.png in Resources */ = {isa = PBXBuildFile; fileRef = BFF1D2C81732C3BB00B02D46 /* Icon.png */; };
		BFF1D2CF1732C3BB00B02D46 /* Icon@2x.png in Resources */ = {isa = PBXBuildFile; fileRef = BFF1D2C91732C3BB00B02D46 /* Icon@2x.png */; };
		BFF1D2D01732C3BB00B02D46 /* text.field.background.png in Resources */ = {isa = PBXBuildFile; fileRef = BFF1D2CA1732C3BB00B02D46 /* text.field.background.png */; };
		BFF1D2D11732C3BB00B02D46 /* text.field.background@2x.png in Resources */ = {isa = PBXBuildFile; fileRef = BFF1D2CB1732C3BB00B02D46 /* text.field.background@2x.png */; };
		BFF1D2E11732CEDC00B02D46 /* default.background-568h@2x.png in Resources */ = {isa = PBXBuildFile; fileRef = BFF1D2D21732CEDC00B02D46 /* default.background-568h@2x.png */; };
		BFF1D2E21732CEDC00B02D46 /* default.background.png in Resources */ = {isa = PBXBuildFile; fileRef = BFF1D2D31732CEDC00B02D46 /* default.background.png */; };
		BFF1D2E31732CEDC00B02D46 /* default.background@2x.png in Resources */ = {isa = PBXBuildFile; fileRef = BFF1D2D41732CEDC00B02D46 /* default.background@2x.png */; };
		BFF1D2E41732CEDC00B02D46 /* forward.reveal.arrow@2x.png in Resources */ = {isa = PBXBuildFile; fileRef = BFF1D2D51732CEDC00B02D46 /* forward.reveal.arrow@2x.png */; };
		BFF1D2E51732CEDC00B02D46 /* gray.grainy.background-568h@2x.png in Resources */ = {isa = PBXBuildFile; fileRef = BFF1D2D61732CEDC00B02D46 /* gray.grainy.background-568h@2x.png */; };
		BFF1D2E61732CEDC00B02D46 /* gray.grainy.background.png in Resources */ = {isa = PBXBuildFile; fileRef = BFF1D2D71732CEDC00B02D46 /* gray.grainy.background.png */; };
		BFF1D2E71732CEDC00B02D46 /* gray.grainy.background@2x.png in Resources */ = {isa = PBXBuildFile; fileRef = BFF1D2D81732CEDC00B02D46 /* gray.grainy.background@2x.png */; };
		BFF1D2E81732CEDC00B02D46 /* menu.reveal.button.png in Resources */ = {isa = PBXBuildFile; fileRef = BFF1D2D91732CEDC00B02D46 /* menu.reveal.button.png */; };
		BFF1D2E91732CEDC00B02D46 /* menu.reveal.button@2x.png in Resources */ = {isa = PBXBuildFile; fileRef = BFF1D2DA1732CEDC00B02D46 /* menu.reveal.button@2x.png */; };
		BFF1D2EA1732CEDC00B02D46 /* profile.hourly.background.png in Resources */ = {isa = PBXBuildFile; fileRef = BFF1D2DB1732CEDC00B02D46 /* profile.hourly.background.png */; };
		BFF1D2EB1732CEDC00B02D46 /* profile.hourly.background@2x.png in Resources */ = {isa = PBXBuildFile; fileRef = BFF1D2DC1732CEDC00B02D46 /* profile.hourly.background@2x.png */; };
		BFF1D2EC1732CEDC00B02D46 /* tabStrip.calculator.active@2x.png in Resources */ = {isa = PBXBuildFile; fileRef = BFF1D2DD1732CEDC00B02D46 /* tabStrip.calculator.active@2x.png */; };
		BFF1D2ED1732CEDC00B02D46 /* tabStrip.calculator.inactive@2x.png in Resources */ = {isa = PBXBuildFile; fileRef = BFF1D2DE1732CEDC00B02D46 /* tabStrip.calculator.inactive@2x.png */; };
		BFF1D2EE1732CEDC00B02D46 /* tabStrip.profile.active@2x.png in Resources */ = {isa = PBXBuildFile; fileRef = BFF1D2DF1732CEDC00B02D46 /* tabStrip.profile.active@2x.png */; };
		BFF1D2EF1732CEDC00B02D46 /* tabStrip.profile.inactive@2x.png in Resources */ = {isa = PBXBuildFile; fileRef = BFF1D2E01732CEDC00B02D46 /* tabStrip.profile.inactive@2x.png */; };
		BFF1D30A1733DBDC00B02D46 /* ao.logo@2x.png in Resources */ = {isa = PBXBuildFile; fileRef = BFF1D2F01733DBD600B02D46 /* ao.logo@2x.png */; };
		BFF1D30B1733DBDC00B02D46 /* calculator.budget.button.active.png in Resources */ = {isa = PBXBuildFile; fileRef = BFF1D2F11733DBD600B02D46 /* calculator.budget.button.active.png */; };
		BFF1D30C1733DBDC00B02D46 /* calculator.budget.button.active@2x.png in Resources */ = {isa = PBXBuildFile; fileRef = BFF1D2F21733DBD600B02D46 /* calculator.budget.button.active@2x.png */; };
		BFF1D30D1733DBDC00B02D46 /* calculator.budget.button.inactive.png in Resources */ = {isa = PBXBuildFile; fileRef = BFF1D2F31733DBD600B02D46 /* calculator.budget.button.inactive.png */; };
		BFF1D30E1733DBDC00B02D46 /* calculator.budget.button.inactive@2x.png in Resources */ = {isa = PBXBuildFile; fileRef = BFF1D2F41733DBD700B02D46 /* calculator.budget.button.inactive@2x.png */; };
		BFF1D30F1733DBDC00B02D46 /* calculator.hourly.button.active.png in Resources */ = {isa = PBXBuildFile; fileRef = BFF1D2F51733DBD700B02D46 /* calculator.hourly.button.active.png */; };
		BFF1D3101733DBDC00B02D46 /* calculator.hourly.button.active@2x.png in Resources */ = {isa = PBXBuildFile; fileRef = BFF1D2F61733DBD700B02D46 /* calculator.hourly.button.active@2x.png */; };
		BFF1D3111733DBDC00B02D46 /* calculator.hourly.button.inactive.png in Resources */ = {isa = PBXBuildFile; fileRef = BFF1D2F71733DBD700B02D46 /* calculator.hourly.button.inactive.png */; };
		BFF1D3121733DBDC00B02D46 /* calculator.hourly.button.inactive@2x.png in Resources */ = {isa = PBXBuildFile; fileRef = BFF1D2F81733DBD800B02D46 /* calculator.hourly.button.inactive@2x.png */; };
		BFF1D3131733DBDC00B02D46 /* gs.logo@2x.png in Resources */ = {isa = PBXBuildFile; fileRef = BFF1D2F91733DBD800B02D46 /* gs.logo@2x.png */; };
		BFF1D3141733DBDC00B02D46 /* menu.icon.about.png in Resources */ = {isa = PBXBuildFile; fileRef = BFF1D2FA1733DBD800B02D46 /* menu.icon.about.png */; };
		BFF1D3151733DBDC00B02D46 /* menu.icon.about@2x.png in Resources */ = {isa = PBXBuildFile; fileRef = BFF1D2FB1733DBD800B02D46 /* menu.icon.about@2x.png */; };
		BFF1D3161733DBDC00B02D46 /* menu.icon.editProfile.png in Resources */ = {isa = PBXBuildFile; fileRef = BFF1D2FC1733DBD900B02D46 /* menu.icon.editProfile.png */; };
		BFF1D3171733DBDC00B02D46 /* menu.icon.editProfile@2x.png in Resources */ = {isa = PBXBuildFile; fileRef = BFF1D2FD1733DBD900B02D46 /* menu.icon.editProfile@2x.png */; };
		BFF1D3181733DBDC00B02D46 /* menu.icon.faq.png in Resources */ = {isa = PBXBuildFile; fileRef = BFF1D2FE1733DBD900B02D46 /* menu.icon.faq.png */; };
		BFF1D3191733DBDC00B02D46 /* menu.icon.faq@2x.png in Resources */ = {isa = PBXBuildFile; fileRef = BFF1D2FF1733DBD900B02D46 /* menu.icon.faq@2x.png */; };
		BFF1D31A1733DBDC00B02D46 /* menu.icon.links.png in Resources */ = {isa = PBXBuildFile; fileRef = BFF1D3001733DBD900B02D46 /* menu.icon.links.png */; };
		BFF1D31B1733DBDC00B02D46 /* menu.icon.links@2x.png in Resources */ = {isa = PBXBuildFile; fileRef = BFF1D3011733DBD900B02D46 /* menu.icon.links@2x.png */; };
		BFF1D31C1733DBDC00B02D46 /* menu.icon.share.png in Resources */ = {isa = PBXBuildFile; fileRef = BFF1D3021733DBDA00B02D46 /* menu.icon.share.png */; };
		BFF1D31D1733DBDC00B02D46 /* menu.icon.share@2x.png in Resources */ = {isa = PBXBuildFile; fileRef = BFF1D3031733DBDA00B02D46 /* menu.icon.share@2x.png */; };
		BFF1D31E1733DBDC00B02D46 /* profile.emptyPhoto.background.png in Resources */ = {isa = PBXBuildFile; fileRef = BFF1D3041733DBDA00B02D46 /* profile.emptyPhoto.background.png */; };
		BFF1D31F1733DBDC00B02D46 /* profile.emptyPhoto.background@2x.png in Resources */ = {isa = PBXBuildFile; fileRef = BFF1D3051733DBDA00B02D46 /* profile.emptyPhoto.background@2x.png */; };
		BFF1D3201733DBDC00B02D46 /* red.button.doubleWide.png in Resources */ = {isa = PBXBuildFile; fileRef = BFF1D3061733DBDC00B02D46 /* red.button.doubleWide.png */; };
		BFF1D3211733DBDC00B02D46 /* red.button.doubleWide@2x.png in Resources */ = {isa = PBXBuildFile; fileRef = BFF1D3071733DBDC00B02D46 /* red.button.doubleWide@2x.png */; };
		BFF1D3221733DBDC00B02D46 /* red.button.photo.png in Resources */ = {isa = PBXBuildFile; fileRef = BFF1D3081733DBDC00B02D46 /* red.button.photo.png */; };
		BFF1D3231733DBDC00B02D46 /* red.button.photo@2x.png in Resources */ = {isa = PBXBuildFile; fileRef = BFF1D3091733DBDC00B02D46 /* red.button.photo@2x.png */; };
		BFF1D3271733DD6700B02D46 /* iAd.framework in Frameworks */ = {isa = PBXBuildFile; fileRef = BFF1D3261733DD6700B02D46 /* iAd.framework */; };
		BFF1D32B1733E06300B02D46 /* MenuViewController.m in Sources */ = {isa = PBXBuildFile; fileRef = BFF1D3291733E06300B02D46 /* MenuViewController.m */; };
		BFF1D32C1733E06300B02D46 /* MenuViewController.xib in Resources */ = {isa = PBXBuildFile; fileRef = BFF1D32A1733E06300B02D46 /* MenuViewController.xib */; };
		BFF1D3301733F54000B02D46 /* ProfileSummaryViewController.m in Sources */ = {isa = PBXBuildFile; fileRef = BFF1D32E1733F53F00B02D46 /* ProfileSummaryViewController.m */; };
		BFF1D3311733F54000B02D46 /* ProfileSummaryViewController.xib in Resources */ = {isa = PBXBuildFile; fileRef = BFF1D32F1733F53F00B02D46 /* ProfileSummaryViewController.xib */; };
		BFF1D3351733F57100B02D46 /* CalculatorViewController.m in Sources */ = {isa = PBXBuildFile; fileRef = BFF1D3331733F57000B02D46 /* CalculatorViewController.m */; };
		BFF1D3361733F57100B02D46 /* CalculatorViewController-568h@2x.xib in Resources */ = {isa = PBXBuildFile; fileRef = BFF1D3341733F57100B02D46 /* CalculatorViewController-568h@2x.xib */; };
		BFF1D33F1733F8FA00B02D46 /* CheckBox.m in Sources */ = {isa = PBXBuildFile; fileRef = BFF1D3381733F8F900B02D46 /* CheckBox.m */; };
		BFF1D3401733F8FA00B02D46 /* Persist.m in Sources */ = {isa = PBXBuildFile; fileRef = BFF1D33A1733F8F900B02D46 /* Persist.m */; };
		BFF1D3411733F8FA00B02D46 /* PullDown.m in Sources */ = {isa = PBXBuildFile; fileRef = BFF1D33C1733F8FA00B02D46 /* PullDown.m */; };
		BFF1D3421733F8FA00B02D46 /* RadioButton.m in Sources */ = {isa = PBXBuildFile; fileRef = BFF1D33E1733F8FA00B02D46 /* RadioButton.m */; };
		BFF1D3441733FBCC00B02D46 /* Security.framework in Frameworks */ = {isa = PBXBuildFile; fileRef = BFF1D3431733FBCC00B02D46 /* Security.framework */; };
		BFF1D346173406CB00B02D46 /* calculator.background@2x.png in Resources */ = {isa = PBXBuildFile; fileRef = BFF1D345173406CB00B02D46 /* calculator.background@2x.png */; };
/* End PBXBuildFile section */

/* Begin PBXFileReference section */
		BFBA8EF3173AACF300563117 /* ProjectsViewController.h */ = {isa = PBXFileReference; fileEncoding = 4; lastKnownFileType = sourcecode.c.h; path = ProjectsViewController.h; sourceTree = "<group>"; };
		BFBA8EF4173AACF300563117 /* ProjectsViewController.m */ = {isa = PBXFileReference; fileEncoding = 4; lastKnownFileType = sourcecode.c.objc; path = ProjectsViewController.m; sourceTree = "<group>"; };
		BFBA8EF5173AACF300563117 /* ProjectsViewController.xib */ = {isa = PBXFileReference; fileEncoding = 4; lastKnownFileType = file.xib; path = ProjectsViewController.xib; sourceTree = "<group>"; };
		BFBA8EF8173AAED100563117 /* tabStrip.project.active@2x.png */ = {isa = PBXFileReference; lastKnownFileType = image.png; path = "tabStrip.project.active@2x.png"; sourceTree = "<group>"; };
		BFBA8EF9173AAED100563117 /* tabStrip.project.inactive@2x.png */ = {isa = PBXFileReference; lastKnownFileType = image.png; path = "tabStrip.project.inactive@2x.png"; sourceTree = "<group>"; };
		BFBA8EFC173AAFB200563117 /* ProjectCell.xib */ = {isa = PBXFileReference; fileEncoding = 4; lastKnownFileType = file.xib; path = ProjectCell.xib; sourceTree = "<group>"; };
		BFBA8EFE173AC20500563117 /* tabStrip.project.active.png */ = {isa = PBXFileReference; lastKnownFileType = image.png; path = tabStrip.project.active.png; sourceTree = "<group>"; };
		BFBA8EFF173AC20500563117 /* tabStrip.project.inactive.png */ = {isa = PBXFileReference; lastKnownFileType = image.png; path = tabStrip.project.inactive.png; sourceTree = "<group>"; };
		BFE391B1173414B500749966 /* MenuCell.xib */ = {isa = PBXFileReference; fileEncoding = 4; lastKnownFileType = file.xib; path = MenuCell.xib; sourceTree = "<group>"; };
		BFE391B31734183E00749966 /* gs.head.png */ = {isa = PBXFileReference; lastKnownFileType = image.png; path = gs.head.png; sourceTree = "<group>"; };
		BFE391B517341BEB00749966 /* EditProfileViewController.h */ = {isa = PBXFileReference; fileEncoding = 4; lastKnownFileType = sourcecode.c.h; path = EditProfileViewController.h; sourceTree = "<group>"; };
		BFE391B617341BEC00749966 /* EditProfileViewController.m */ = {isa = PBXFileReference; fileEncoding = 4; lastKnownFileType = sourcecode.c.objc; path = EditProfileViewController.m; sourceTree = "<group>"; };
		BFE391B717341BEC00749966 /* EditProfileViewController.xib */ = {isa = PBXFileReference; fileEncoding = 4; lastKnownFileType = file.xib; path = EditProfileViewController.xib; sourceTree = "<group>"; };
		BFE391BA17341C7600749966 /* default.color.strip@2x.png */ = {isa = PBXFileReference; lastKnownFileType = image.png; path = "default.color.strip@2x.png"; sourceTree = "<group>"; };
		BFE391BC173439AC00749966 /* SwipeyLabel.h */ = {isa = PBXFileReference; fileEncoding = 4; lastKnownFileType = sourcecode.c.h; path = SwipeyLabel.h; sourceTree = "<group>"; };
		BFE391BD173439AC00749966 /* SwipeyLabel.m */ = {isa = PBXFileReference; fileEncoding = 4; lastKnownFileType = sourcecode.c.objc; path = SwipeyLabel.m; sourceTree = "<group>"; };
		BFE391BF1737DD4500749966 /* CalculatorViewController.xib */ = {isa = PBXFileReference; fileEncoding = 4; lastKnownFileType = file.xib; path = CalculatorViewController.xib; sourceTree = "<group>"; };
		BFE391C11737F50900749966 /* Alerts.h */ = {isa = PBXFileReference; fileEncoding = 4; lastKnownFileType = sourcecode.c.h; path = Alerts.h; sourceTree = "<group>"; };
		BFE391C21737F50900749966 /* Alerts.m */ = {isa = PBXFileReference; fileEncoding = 4; lastKnownFileType = sourcecode.c.objc; path = Alerts.m; sourceTree = "<group>"; };
		BFE391C41738118200749966 /* edit.profile.help.button@2x.png */ = {isa = PBXFileReference; lastKnownFileType = image.png; path = "edit.profile.help.button@2x.png"; sourceTree = "<group>"; };
		BFE391C51738118200749966 /* modal.dismiss.button@2x.png */ = {isa = PBXFileReference; lastKnownFileType = image.png; path = "modal.dismiss.button@2x.png"; sourceTree = "<group>"; };
		BFE391C61738118200749966 /* profile.help.button@2x.png */ = {isa = PBXFileReference; lastKnownFileType = image.png; path = "profile.help.button@2x.png"; sourceTree = "<group>"; };
		BFE391CA1738119F00749966 /* WebViewController.h */ = {isa = PBXFileReference; fileEncoding = 4; lastKnownFileType = sourcecode.c.h; path = WebViewController.h; sourceTree = "<group>"; };
		BFE391CB1738119F00749966 /* WebViewController.m */ = {isa = PBXFileReference; fileEncoding = 4; lastKnownFileType = sourcecode.c.objc; path = WebViewController.m; sourceTree = "<group>"; };
		BFE391CC1738119F00749966 /* WebViewController.xib */ = {isa = PBXFileReference; fileEncoding = 4; lastKnownFileType = file.xib; path = WebViewController.xib; sourceTree = "<group>"; };
		BFE391CF1738192A00749966 /* menu.icon.support@2x.png */ = {isa = PBXFileReference; lastKnownFileType = image.png; path = "menu.icon.support@2x.png"; sourceTree = "<group>"; };
		BFE391D01738192A00749966 /* web.view.back.button@2x.png */ = {isa = PBXFileReference; lastKnownFileType = image.png; path = "web.view.back.button@2x.png"; sourceTree = "<group>"; };
		BFE391D11738192A00749966 /* web.view.close.button@2x.png */ = {isa = PBXFileReference; lastKnownFileType = image.png; path = "web.view.close.button@2x.png"; sourceTree = "<group>"; };
		BFE391D21738192A00749966 /* web.view.elipsis.dot@2x.png */ = {isa = PBXFileReference; lastKnownFileType = image.png; path = "web.view.elipsis.dot@2x.png"; sourceTree = "<group>"; };
		BFE391D31738192A00749966 /* web.view.forward.button@2x.png */ = {isa = PBXFileReference; lastKnownFileType = image.png; path = "web.view.forward.button@2x.png"; sourceTree = "<group>"; };
		BFE391D41738192A00749966 /* web.view.refresh.button@2x.png */ = {isa = PBXFileReference; lastKnownFileType = image.png; path = "web.view.refresh.button@2x.png"; sourceTree = "<group>"; };
		BFE391D51738192A00749966 /* web.view.toolBar.background@2x.png */ = {isa = PBXFileReference; lastKnownFileType = image.png; path = "web.view.toolBar.background@2x.png"; sourceTree = "<group>"; };
		BFE391DD173827F700749966 /* edit.profile.change.photo@2x.png */ = {isa = PBXFileReference; lastKnownFileType = image.png; path = "edit.profile.change.photo@2x.png"; sourceTree = "<group>"; };
		BFE391DE173827F700749966 /* edit.profile.help.button.png */ = {isa = PBXFileReference; lastKnownFileType = image.png; path = edit.profile.help.button.png; sourceTree = "<group>"; };
		BFE391DF173827F700749966 /* edit.profile.photo.background@2x.png */ = {isa = PBXFileReference; lastKnownFileType = image.png; path = "edit.profile.photo.background@2x.png"; sourceTree = "<group>"; };
		BFE391E0173827F700749966 /* edit.profile.plus.button.png */ = {isa = PBXFileReference; lastKnownFileType = image.png; path = edit.profile.plus.button.png; sourceTree = "<group>"; };
		BFE391E1173827F700749966 /* edit.profile.plus.button@2x.png */ = {isa = PBXFileReference; lastKnownFileType = image.png; path = "edit.profile.plus.button@2x.png"; sourceTree = "<group>"; };
		BFE391E2173827F700749966 /* modal.dismiss.button.png */ = {isa = PBXFileReference; lastKnownFileType = image.png; path = modal.dismiss.button.png; sourceTree = "<group>"; };
		BFE391E3173827F700749966 /* profile.help.button.png */ = {isa = PBXFileReference; lastKnownFileType = image.png; path = profile.help.button.png; sourceTree = "<group>"; };
		BFE391E4173827F700749966 /* tabStrip.calculator.active.png */ = {isa = PBXFileReference; lastKnownFileType = image.png; path = tabStrip.calculator.active.png; sourceTree = "<group>"; };
		BFE391E5173827F700749966 /* tabStrip.calculator.inactive.png */ = {isa = PBXFileReference; lastKnownFileType = image.png; path = tabStrip.calculator.inactive.png; sourceTree = "<group>"; };
		BFE391E6173827F700749966 /* tabStrip.profile.active.png */ = {isa = PBXFileReference; lastKnownFileType = image.png; path = tabStrip.profile.active.png; sourceTree = "<group>"; };
		BFE391E7173827F700749966 /* tabStrip.profile.inactive.png */ = {isa = PBXFileReference; lastKnownFileType = image.png; path = tabStrip.profile.inactive.png; sourceTree = "<group>"; };
		BFE391E8173827F700749966 /* web.view.back.button.png */ = {isa = PBXFileReference; lastKnownFileType = image.png; path = web.view.back.button.png; sourceTree = "<group>"; };
		BFE391E9173827F700749966 /* web.view.close.button.png */ = {isa = PBXFileReference; lastKnownFileType = image.png; path = web.view.close.button.png; sourceTree = "<group>"; };
		BFE391EA173827F700749966 /* web.view.forward.button.png */ = {isa = PBXFileReference; lastKnownFileType = image.png; path = web.view.forward.button.png; sourceTree = "<group>"; };
		BFE391EB173827F700749966 /* web.view.refresh.button.png */ = {isa = PBXFileReference; lastKnownFileType = image.png; path = web.view.refresh.button.png; sourceTree = "<group>"; };
		BFE391FB1739351300749966 /* Database.h */ = {isa = PBXFileReference; fileEncoding = 4; lastKnownFileType = sourcecode.c.h; path = Database.h; sourceTree = "<group>"; };
		BFE391FC1739351400749966 /* Database.m */ = {isa = PBXFileReference; fileEncoding = 4; lastKnownFileType = sourcecode.c.objc; path = Database.m; sourceTree = "<group>"; };
		BFE391FE1739356800749966 /* libsqlite3.0.dylib */ = {isa = PBXFileReference; lastKnownFileType = "compiled.mach-o.dylib"; name = libsqlite3.0.dylib; path = usr/lib/libsqlite3.0.dylib; sourceTree = SDKROOT; };
		BFE39204173A8A1900749966 /* Social.framework */ = {isa = PBXFileReference; lastKnownFileType = wrapper.framework; name = Social.framework; path = System/Library/Frameworks/Social.framework; sourceTree = SDKROOT; };
		BFE39206173A8C1700749966 /* Twitter.framework */ = {isa = PBXFileReference; lastKnownFileType = wrapper.framework; name = Twitter.framework; path = System/Library/Frameworks/Twitter.framework; sourceTree = SDKROOT; };
		BFE39208173A91D100749966 /* popup.bubble.png */ = {isa = PBXFileReference; lastKnownFileType = image.png; path = popup.bubble.png; sourceTree = "<group>"; };
		BFE39209173A91D200749966 /* popup.bubble@2x.png */ = {isa = PBXFileReference; lastKnownFileType = image.png; path = "popup.bubble@2x.png"; sourceTree = "<group>"; };
		BFE3920C173AA27800749966 /* default.callout.arrow@2x.png */ = {isa = PBXFileReference; lastKnownFileType = image.png; path = "default.callout.arrow@2x.png"; sourceTree = "<group>"; };
		BFE3920D173AA27800749966 /* default.callout.box@2x.png */ = {isa = PBXFileReference; lastKnownFileType = image.png; path = "default.callout.box@2x.png"; sourceTree = "<group>"; };
		BFF1D29A1732BBCB00B02D46 /* Abacus.app */ = {isa = PBXFileReference; explicitFileType = wrapper.application; includeInIndex = 0; path = Abacus.app; sourceTree = BUILT_PRODUCTS_DIR; };
		BFF1D29D1732BBCB00B02D46 /* UIKit.framework */ = {isa = PBXFileReference; lastKnownFileType = wrapper.framework; name = UIKit.framework; path = System/Library/Frameworks/UIKit.framework; sourceTree = SDKROOT; };
		BFF1D29F1732BBCB00B02D46 /* Foundation.framework */ = {isa = PBXFileReference; lastKnownFileType = wrapper.framework; name = Foundation.framework; path = System/Library/Frameworks/Foundation.framework; sourceTree = SDKROOT; };
		BFF1D2A11732BBCB00B02D46 /* CoreGraphics.framework */ = {isa = PBXFileReference; lastKnownFileType = wrapper.framework; name = CoreGraphics.framework; path = System/Library/Frameworks/CoreGraphics.framework; sourceTree = SDKROOT; };
		BFF1D2A51732BBCB00B02D46 /* Abacus-Info.plist */ = {isa = PBXFileReference; lastKnownFileType = text.plist.xml; path = "Abacus-Info.plist"; sourceTree = "<group>"; };
		BFF1D2A71732BBCB00B02D46 /* en */ = {isa = PBXFileReference; lastKnownFileType = text.plist.strings; name = en; path = en.lproj/InfoPlist.strings; sourceTree = "<group>"; };
		BFF1D2A91732BBCB00B02D46 /* main.m */ = {isa = PBXFileReference; lastKnownFileType = sourcecode.c.objc; path = main.m; sourceTree = "<group>"; };
		BFF1D2AB1732BBCB00B02D46 /* Abacus-Prefix.pch */ = {isa = PBXFileReference; lastKnownFileType = sourcecode.c.h; path = "Abacus-Prefix.pch"; sourceTree = "<group>"; };
		BFF1D2AC1732BBCB00B02D46 /* AppDelegate.h */ = {isa = PBXFileReference; lastKnownFileType = sourcecode.c.h; path = AppDelegate.h; sourceTree = "<group>"; };
		BFF1D2AD1732BBCB00B02D46 /* AppDelegate.m */ = {isa = PBXFileReference; lastKnownFileType = sourcecode.c.objc; path = AppDelegate.m; sourceTree = "<group>"; };
		BFF1D2AF1732BBCB00B02D46 /* Default.png */ = {isa = PBXFileReference; lastKnownFileType = image.png; path = Default.png; sourceTree = "<group>"; };
		BFF1D2B11732BBCB00B02D46 /* Default@2x.png */ = {isa = PBXFileReference; lastKnownFileType = image.png; path = "Default@2x.png"; sourceTree = "<group>"; };
		BFF1D2B31732BBCB00B02D46 /* Default-568h@2x.png */ = {isa = PBXFileReference; lastKnownFileType = image.png; path = "Default-568h@2x.png"; sourceTree = "<group>"; };
		BFF1D2B51732BBCB00B02D46 /* RootViewController.h */ = {isa = PBXFileReference; lastKnownFileType = sourcecode.c.h; path = RootViewController.h; sourceTree = "<group>"; };
		BFF1D2B61732BBCB00B02D46 /* RootViewController.m */ = {isa = PBXFileReference; lastKnownFileType = sourcecode.c.objc; path = RootViewController.m; sourceTree = "<group>"; };
		BFF1D2B91732BBCB00B02D46 /* en */ = {isa = PBXFileReference; lastKnownFileType = file.xib; name = en; path = en.lproj/RootViewController.xib; sourceTree = "<group>"; };
		BFF1D2C01732BECA00B02D46 /* UIImage+Retina4.h */ = {isa = PBXFileReference; fileEncoding = 4; lastKnownFileType = sourcecode.c.h; path = "UIImage+Retina4.h"; sourceTree = "<group>"; };
		BFF1D2C11732BECA00B02D46 /* UIImage+Retina4.m */ = {isa = PBXFileReference; fileEncoding = 4; lastKnownFileType = sourcecode.c.objc; path = "UIImage+Retina4.m"; sourceTree = "<group>"; };
		BFF1D2C31732BF1C00B02D46 /* UITextField+Customizations.h */ = {isa = PBXFileReference; fileEncoding = 4; lastKnownFileType = sourcecode.c.h; path = "UITextField+Customizations.h"; sourceTree = "<group>"; };
		BFF1D2C41732BF1C00B02D46 /* UITextField+Customizations.m */ = {isa = PBXFileReference; fileEncoding = 4; lastKnownFileType = sourcecode.c.objc; path = "UITextField+Customizations.m"; sourceTree = "<group>"; };
		BFF1D2C61732C3BB00B02D46 /* green.button.doubleWide.png */ = {isa = PBXFileReference; lastKnownFileType = image.png; path = green.button.doubleWide.png; sourceTree = "<group>"; };
		BFF1D2C71732C3BB00B02D46 /* green.button.doubleWide@2x.png */ = {isa = PBXFileReference; lastKnownFileType = image.png; path = "green.button.doubleWide@2x.png"; sourceTree = "<group>"; };
		BFF1D2C81732C3BB00B02D46 /* Icon.png */ = {isa = PBXFileReference; lastKnownFileType = image.png; path = Icon.png; sourceTree = "<group>"; };
		BFF1D2C91732C3BB00B02D46 /* Icon@2x.png */ = {isa = PBXFileReference; lastKnownFileType = image.png; path = "Icon@2x.png"; sourceTree = "<group>"; };
		BFF1D2CA1732C3BB00B02D46 /* text.field.background.png */ = {isa = PBXFileReference; lastKnownFileType = image.png; path = text.field.background.png; sourceTree = "<group>"; };
		BFF1D2CB1732C3BB00B02D46 /* text.field.background@2x.png */ = {isa = PBXFileReference; lastKnownFileType = image.png; path = "text.field.background@2x.png"; sourceTree = "<group>"; };
		BFF1D2D21732CEDC00B02D46 /* default.background-568h@2x.png */ = {isa = PBXFileReference; lastKnownFileType = image.png; path = "default.background-568h@2x.png"; sourceTree = "<group>"; };
		BFF1D2D31732CEDC00B02D46 /* default.background.png */ = {isa = PBXFileReference; lastKnownFileType = image.png; path = default.background.png; sourceTree = "<group>"; };
		BFF1D2D41732CEDC00B02D46 /* default.background@2x.png */ = {isa = PBXFileReference; lastKnownFileType = image.png; path = "default.background@2x.png"; sourceTree = "<group>"; };
		BFF1D2D51732CEDC00B02D46 /* forward.reveal.arrow@2x.png */ = {isa = PBXFileReference; lastKnownFileType = image.png; path = "forward.reveal.arrow@2x.png"; sourceTree = "<group>"; };
		BFF1D2D61732CEDC00B02D46 /* gray.grainy.background-568h@2x.png */ = {isa = PBXFileReference; lastKnownFileType = image.png; path = "gray.grainy.background-568h@2x.png"; sourceTree = "<group>"; };
		BFF1D2D71732CEDC00B02D46 /* gray.grainy.background.png */ = {isa = PBXFileReference; lastKnownFileType = image.png; path = gray.grainy.background.png; sourceTree = "<group>"; };
		BFF1D2D81732CEDC00B02D46 /* gray.grainy.background@2x.png */ = {isa = PBXFileReference; lastKnownFileType = image.png; path = "gray.grainy.background@2x.png"; sourceTree = "<group>"; };
		BFF1D2D91732CEDC00B02D46 /* menu.reveal.button.png */ = {isa = PBXFileReference; lastKnownFileType = image.png; path = menu.reveal.button.png; sourceTree = "<group>"; };
		BFF1D2DA1732CEDC00B02D46 /* menu.reveal.button@2x.png */ = {isa = PBXFileReference; lastKnownFileType = image.png; path = "menu.reveal.button@2x.png"; sourceTree = "<group>"; };
		BFF1D2DB1732CEDC00B02D46 /* profile.hourly.background.png */ = {isa = PBXFileReference; lastKnownFileType = image.png; path = profile.hourly.background.png; sourceTree = "<group>"; };
		BFF1D2DC1732CEDC00B02D46 /* profile.hourly.background@2x.png */ = {isa = PBXFileReference; lastKnownFileType = image.png; path = "profile.hourly.background@2x.png"; sourceTree = "<group>"; };
		BFF1D2DD1732CEDC00B02D46 /* tabStrip.calculator.active@2x.png */ = {isa = PBXFileReference; lastKnownFileType = image.png; path = "tabStrip.calculator.active@2x.png"; sourceTree = "<group>"; };
		BFF1D2DE1732CEDC00B02D46 /* tabStrip.calculator.inactive@2x.png */ = {isa = PBXFileReference; lastKnownFileType = image.png; path = "tabStrip.calculator.inactive@2x.png"; sourceTree = "<group>"; };
		BFF1D2DF1732CEDC00B02D46 /* tabStrip.profile.active@2x.png */ = {isa = PBXFileReference; lastKnownFileType = image.png; path = "tabStrip.profile.active@2x.png"; sourceTree = "<group>"; };
		BFF1D2E01732CEDC00B02D46 /* tabStrip.profile.inactive@2x.png */ = {isa = PBXFileReference; lastKnownFileType = image.png; path = "tabStrip.profile.inactive@2x.png"; sourceTree = "<group>"; };
		BFF1D2F01733DBD600B02D46 /* ao.logo@2x.png */ = {isa = PBXFileReference; lastKnownFileType = image.png; path = "ao.logo@2x.png"; sourceTree = "<group>"; };
		BFF1D2F11733DBD600B02D46 /* calculator.budget.button.active.png */ = {isa = PBXFileReference; lastKnownFileType = image.png; path = calculator.budget.button.active.png; sourceTree = "<group>"; };
		BFF1D2F21733DBD600B02D46 /* calculator.budget.button.active@2x.png */ = {isa = PBXFileReference; lastKnownFileType = image.png; path = "calculator.budget.button.active@2x.png"; sourceTree = "<group>"; };
		BFF1D2F31733DBD600B02D46 /* calculator.budget.button.inactive.png */ = {isa = PBXFileReference; lastKnownFileType = image.png; path = calculator.budget.button.inactive.png; sourceTree = "<group>"; };
		BFF1D2F41733DBD700B02D46 /* calculator.budget.button.inactive@2x.png */ = {isa = PBXFileReference; lastKnownFileType = image.png; path = "calculator.budget.button.inactive@2x.png"; sourceTree = "<group>"; };
		BFF1D2F51733DBD700B02D46 /* calculator.hourly.button.active.png */ = {isa = PBXFileReference; lastKnownFileType = image.png; path = calculator.hourly.button.active.png; sourceTree = "<group>"; };
		BFF1D2F61733DBD700B02D46 /* calculator.hourly.button.active@2x.png */ = {isa = PBXFileReference; lastKnownFileType = image.png; path = "calculator.hourly.button.active@2x.png"; sourceTree = "<group>"; };
		BFF1D2F71733DBD700B02D46 /* calculator.hourly.button.inactive.png */ = {isa = PBXFileReference; lastKnownFileType = image.png; path = calculator.hourly.button.inactive.png; sourceTree = "<group>"; };
		BFF1D2F81733DBD800B02D46 /* calculator.hourly.button.inactive@2x.png */ = {isa = PBXFileReference; lastKnownFileType = image.png; path = "calculator.hourly.button.inactive@2x.png"; sourceTree = "<group>"; };
		BFF1D2F91733DBD800B02D46 /* gs.logo@2x.png */ = {isa = PBXFileReference; lastKnownFileType = image.png; path = "gs.logo@2x.png"; sourceTree = "<group>"; };
		BFF1D2FA1733DBD800B02D46 /* menu.icon.about.png */ = {isa = PBXFileReference; lastKnownFileType = image.png; path = menu.icon.about.png; sourceTree = "<group>"; };
		BFF1D2FB1733DBD800B02D46 /* menu.icon.about@2x.png */ = {isa = PBXFileReference; lastKnownFileType = image.png; path = "menu.icon.about@2x.png"; sourceTree = "<group>"; };
		BFF1D2FC1733DBD900B02D46 /* menu.icon.editProfile.png */ = {isa = PBXFileReference; lastKnownFileType = image.png; path = menu.icon.editProfile.png; sourceTree = "<group>"; };
		BFF1D2FD1733DBD900B02D46 /* menu.icon.editProfile@2x.png */ = {isa = PBXFileReference; lastKnownFileType = image.png; path = "menu.icon.editProfile@2x.png"; sourceTree = "<group>"; };
		BFF1D2FE1733DBD900B02D46 /* menu.icon.faq.png */ = {isa = PBXFileReference; lastKnownFileType = image.png; path = menu.icon.faq.png; sourceTree = "<group>"; };
		BFF1D2FF1733DBD900B02D46 /* menu.icon.faq@2x.png */ = {isa = PBXFileReference; lastKnownFileType = image.png; path = "menu.icon.faq@2x.png"; sourceTree = "<group>"; };
		BFF1D3001733DBD900B02D46 /* menu.icon.links.png */ = {isa = PBXFileReference; lastKnownFileType = image.png; path = menu.icon.links.png; sourceTree = "<group>"; };
		BFF1D3011733DBD900B02D46 /* menu.icon.links@2x.png */ = {isa = PBXFileReference; lastKnownFileType = image.png; path = "menu.icon.links@2x.png"; sourceTree = "<group>"; };
		BFF1D3021733DBDA00B02D46 /* menu.icon.share.png */ = {isa = PBXFileReference; lastKnownFileType = image.png; path = menu.icon.share.png; sourceTree = "<group>"; };
		BFF1D3031733DBDA00B02D46 /* menu.icon.share@2x.png */ = {isa = PBXFileReference; lastKnownFileType = image.png; path = "menu.icon.share@2x.png"; sourceTree = "<group>"; };
		BFF1D3041733DBDA00B02D46 /* profile.emptyPhoto.background.png */ = {isa = PBXFileReference; lastKnownFileType = image.png; path = profile.emptyPhoto.background.png; sourceTree = "<group>"; };
		BFF1D3051733DBDA00B02D46 /* profile.emptyPhoto.background@2x.png */ = {isa = PBXFileReference; lastKnownFileType = image.png; path = "profile.emptyPhoto.background@2x.png"; sourceTree = "<group>"; };
		BFF1D3061733DBDC00B02D46 /* red.button.doubleWide.png */ = {isa = PBXFileReference; lastKnownFileType = image.png; path = red.button.doubleWide.png; sourceTree = "<group>"; };
		BFF1D3071733DBDC00B02D46 /* red.button.doubleWide@2x.png */ = {isa = PBXFileReference; lastKnownFileType = image.png; path = "red.button.doubleWide@2x.png"; sourceTree = "<group>"; };
		BFF1D3081733DBDC00B02D46 /* red.button.photo.png */ = {isa = PBXFileReference; lastKnownFileType = image.png; path = red.button.photo.png; sourceTree = "<group>"; };
		BFF1D3091733DBDC00B02D46 /* red.button.photo@2x.png */ = {isa = PBXFileReference; lastKnownFileType = image.png; path = "red.button.photo@2x.png"; sourceTree = "<group>"; };
		BFF1D3261733DD6700B02D46 /* iAd.framework */ = {isa = PBXFileReference; lastKnownFileType = wrapper.framework; name = iAd.framework; path = System/Library/Frameworks/iAd.framework; sourceTree = SDKROOT; };
		BFF1D3281733E06300B02D46 /* MenuViewController.h */ = {isa = PBXFileReference; fileEncoding = 4; lastKnownFileType = sourcecode.c.h; path = MenuViewController.h; sourceTree = "<group>"; };
		BFF1D3291733E06300B02D46 /* MenuViewController.m */ = {isa = PBXFileReference; fileEncoding = 4; lastKnownFileType = sourcecode.c.objc; path = MenuViewController.m; sourceTree = "<group>"; };
		BFF1D32A1733E06300B02D46 /* MenuViewController.xib */ = {isa = PBXFileReference; fileEncoding = 4; lastKnownFileType = file.xib; path = MenuViewController.xib; sourceTree = "<group>"; };
		BFF1D32D1733F53F00B02D46 /* ProfileSummaryViewController.h */ = {isa = PBXFileReference; fileEncoding = 4; lastKnownFileType = sourcecode.c.h; path = ProfileSummaryViewController.h; sourceTree = "<group>"; };
		BFF1D32E1733F53F00B02D46 /* ProfileSummaryViewController.m */ = {isa = PBXFileReference; fileEncoding = 4; lastKnownFileType = sourcecode.c.objc; path = ProfileSummaryViewController.m; sourceTree = "<group>"; };
		BFF1D32F1733F53F00B02D46 /* ProfileSummaryViewController.xib */ = {isa = PBXFileReference; fileEncoding = 4; lastKnownFileType = file.xib; path = ProfileSummaryViewController.xib; sourceTree = "<group>"; };
		BFF1D3321733F57000B02D46 /* CalculatorViewController.h */ = {isa = PBXFileReference; fileEncoding = 4; lastKnownFileType = sourcecode.c.h; path = CalculatorViewController.h; sourceTree = "<group>"; };
		BFF1D3331733F57000B02D46 /* CalculatorViewController.m */ = {isa = PBXFileReference; fileEncoding = 4; lastKnownFileType = sourcecode.c.objc; path = CalculatorViewController.m; sourceTree = "<group>"; };
		BFF1D3341733F57100B02D46 /* CalculatorViewController-568h@2x.xib */ = {isa = PBXFileReference; fileEncoding = 4; lastKnownFileType = file.xib; path = "CalculatorViewController-568h@2x.xib"; sourceTree = "<group>"; };
		BFF1D3371733F8F900B02D46 /* CheckBox.h */ = {isa = PBXFileReference; fileEncoding = 4; lastKnownFileType = sourcecode.c.h; path = CheckBox.h; sourceTree = "<group>"; };
		BFF1D3381733F8F900B02D46 /* CheckBox.m */ = {isa = PBXFileReference; fileEncoding = 4; lastKnownFileType = sourcecode.c.objc; path = CheckBox.m; sourceTree = "<group>"; };
		BFF1D3391733F8F900B02D46 /* Persist.h */ = {isa = PBXFileReference; fileEncoding = 4; lastKnownFileType = sourcecode.c.h; path = Persist.h; sourceTree = "<group>"; };
		BFF1D33A1733F8F900B02D46 /* Persist.m */ = {isa = PBXFileReference; fileEncoding = 4; lastKnownFileType = sourcecode.c.objc; path = Persist.m; sourceTree = "<group>"; };
		BFF1D33B1733F8F900B02D46 /* PullDown.h */ = {isa = PBXFileReference; fileEncoding = 4; lastKnownFileType = sourcecode.c.h; path = PullDown.h; sourceTree = "<group>"; };
		BFF1D33C1733F8FA00B02D46 /* PullDown.m */ = {isa = PBXFileReference; fileEncoding = 4; lastKnownFileType = sourcecode.c.objc; path = PullDown.m; sourceTree = "<group>"; };
		BFF1D33D1733F8FA00B02D46 /* RadioButton.h */ = {isa = PBXFileReference; fileEncoding = 4; lastKnownFileType = sourcecode.c.h; path = RadioButton.h; sourceTree = "<group>"; };
		BFF1D33E1733F8FA00B02D46 /* RadioButton.m */ = {isa = PBXFileReference; fileEncoding = 4; lastKnownFileType = sourcecode.c.objc; path = RadioButton.m; sourceTree = "<group>"; };
		BFF1D3431733FBCC00B02D46 /* Security.framework */ = {isa = PBXFileReference; lastKnownFileType = wrapper.framework; name = Security.framework; path = System/Library/Frameworks/Security.framework; sourceTree = SDKROOT; };
		BFF1D345173406CB00B02D46 /* calculator.background@2x.png */ = {isa = PBXFileReference; lastKnownFileType = image.png; path = "calculator.background@2x.png"; sourceTree = "<group>"; };
/* End PBXFileReference section */

/* Begin PBXFrameworksBuildPhase section */
		BFF1D2971732BBCB00B02D46 /* Frameworks */ = {
			isa = PBXFrameworksBuildPhase;
			buildActionMask = 2147483647;
			files = (
				BFE39207173A8C1700749966 /* Twitter.framework in Frameworks */,
				BFE39205173A8A1900749966 /* Social.framework in Frameworks */,
				BFE391FF1739356900749966 /* libsqlite3.0.dylib in Frameworks */,
				BFF1D3441733FBCC00B02D46 /* Security.framework in Frameworks */,
				BFF1D3271733DD6700B02D46 /* iAd.framework in Frameworks */,
				BFF1D29E1732BBCB00B02D46 /* UIKit.framework in Frameworks */,
				BFF1D2A01732BBCB00B02D46 /* Foundation.framework in Frameworks */,
				BFF1D2A21732BBCB00B02D46 /* CoreGraphics.framework in Frameworks */,
			);
			runOnlyForDeploymentPostprocessing = 0;
		};
/* End PBXFrameworksBuildPhase section */

/* Begin PBXGroup section */
		BFF1D2911732BBCB00B02D46 = {
			isa = PBXGroup;
			children = (
				BFF1D2A31732BBCB00B02D46 /* Abacus */,
				BFF1D29C1732BBCB00B02D46 /* Frameworks */,
				BFF1D29B1732BBCB00B02D46 /* Products */,
			);
			sourceTree = "<group>";
		};
		BFF1D29B1732BBCB00B02D46 /* Products */ = {
			isa = PBXGroup;
			children = (
				BFF1D29A1732BBCB00B02D46 /* Abacus.app */,
			);
			name = Products;
			sourceTree = "<group>";
		};
		BFF1D29C1732BBCB00B02D46 /* Frameworks */ = {
			isa = PBXGroup;
			children = (
				BFE39206173A8C1700749966 /* Twitter.framework */,
				BFE39204173A8A1900749966 /* Social.framework */,
				BFE391FE1739356800749966 /* libsqlite3.0.dylib */,
				BFF1D3431733FBCC00B02D46 /* Security.framework */,
				BFF1D3261733DD6700B02D46 /* iAd.framework */,
				BFF1D29D1732BBCB00B02D46 /* UIKit.framework */,
				BFF1D29F1732BBCB00B02D46 /* Foundation.framework */,
				BFF1D2A11732BBCB00B02D46 /* CoreGraphics.framework */,
			);
			name = Frameworks;
			sourceTree = "<group>";
		};
		BFF1D2A31732BBCB00B02D46 /* Abacus */ = {
			isa = PBXGroup;
			children = (
				BFE391C11737F50900749966 /* Alerts.h */,
				BFE391C21737F50900749966 /* Alerts.m */,
				BFF1D2AC1732BBCB00B02D46 /* AppDelegate.h */,
				BFF1D2AD1732BBCB00B02D46 /* AppDelegate.m */,
				BFF1D3341733F57100B02D46 /* CalculatorViewController-568h@2x.xib */,
				BFF1D3321733F57000B02D46 /* CalculatorViewController.h */,
				BFF1D3331733F57000B02D46 /* CalculatorViewController.m */,
				BFE391BF1737DD4500749966 /* CalculatorViewController.xib */,
				BFF1D3371733F8F900B02D46 /* CheckBox.h */,
				BFF1D3381733F8F900B02D46 /* CheckBox.m */,
				BFE391FB1739351300749966 /* Database.h */,
				BFE391FC1739351400749966 /* Database.m */,
				BFE391B517341BEB00749966 /* EditProfileViewController.h */,
				BFE391B617341BEC00749966 /* EditProfileViewController.m */,
				BFE391B717341BEC00749966 /* EditProfileViewController.xib */,
				BFE391B1173414B500749966 /* MenuCell.xib */,
				BFF1D3281733E06300B02D46 /* MenuViewController.h */,
				BFF1D3291733E06300B02D46 /* MenuViewController.m */,
				BFF1D32A1733E06300B02D46 /* MenuViewController.xib */,
				BFF1D3391733F8F900B02D46 /* Persist.h */,
				BFF1D33A1733F8F900B02D46 /* Persist.m */,
				BFF1D32D1733F53F00B02D46 /* ProfileSummaryViewController.h */,
				BFF1D32E1733F53F00B02D46 /* ProfileSummaryViewController.m */,
				BFF1D32F1733F53F00B02D46 /* ProfileSummaryViewController.xib */,
				BFBA8EFC173AAFB200563117 /* ProjectCell.xib */,
				BFBA8EF3173AACF300563117 /* ProjectsViewController.h */,
				BFBA8EF4173AACF300563117 /* ProjectsViewController.m */,
				BFBA8EF5173AACF300563117 /* ProjectsViewController.xib */,
				BFF1D33B1733F8F900B02D46 /* PullDown.h */,
				BFF1D33C1733F8FA00B02D46 /* PullDown.m */,
				BFF1D33D1733F8FA00B02D46 /* RadioButton.h */,
				BFF1D33E1733F8FA00B02D46 /* RadioButton.m */,
				BFF1D2B51732BBCB00B02D46 /* RootViewController.h */,
				BFF1D2B61732BBCB00B02D46 /* RootViewController.m */,
				BFF1D2B81732BBCB00B02D46 /* RootViewController.xib */,
				BFE391BC173439AC00749966 /* SwipeyLabel.h */,
				BFE391BD173439AC00749966 /* SwipeyLabel.m */,
				BFF1D2C01732BECA00B02D46 /* UIImage+Retina4.h */,
				BFF1D2C11732BECA00B02D46 /* UIImage+Retina4.m */,
				BFF1D2C31732BF1C00B02D46 /* UITextField+Customizations.h */,
				BFF1D2C41732BF1C00B02D46 /* UITextField+Customizations.m */,
				BFE391CA1738119F00749966 /* WebViewController.h */,
				BFE391CB1738119F00749966 /* WebViewController.m */,
				BFE391CC1738119F00749966 /* WebViewController.xib */,
				BFF1D2A41732BBCB00B02D46 /* Supporting Files */,
			);
			path = Abacus;
			sourceTree = "<group>";
		};
		BFF1D2A41732BBCB00B02D46 /* Supporting Files */ = {
			isa = PBXGroup;
			children = (
				BFF1D2A51732BBCB00B02D46 /* Abacus-Info.plist */,
				BFF1D2AB1732BBCB00B02D46 /* Abacus-Prefix.pch */,
				BFF1D2F01733DBD600B02D46 /* ao.logo@2x.png */,
				BFF1D345173406CB00B02D46 /* calculator.background@2x.png */,
				BFF1D2F11733DBD600B02D46 /* calculator.budget.button.active.png */,
				BFF1D2F21733DBD600B02D46 /* calculator.budget.button.active@2x.png */,
				BFF1D2F31733DBD600B02D46 /* calculator.budget.button.inactive.png */,
				BFF1D2F41733DBD700B02D46 /* calculator.budget.button.inactive@2x.png */,
				BFF1D2F51733DBD700B02D46 /* calculator.hourly.button.active.png */,
				BFF1D2F61733DBD700B02D46 /* calculator.hourly.button.active@2x.png */,
				BFF1D2F71733DBD700B02D46 /* calculator.hourly.button.inactive.png */,
				BFF1D2F81733DBD800B02D46 /* calculator.hourly.button.inactive@2x.png */,
				BFF1D2B31732BBCB00B02D46 /* Default-568h@2x.png */,
				BFF1D2D21732CEDC00B02D46 /* default.background-568h@2x.png */,
				BFF1D2D31732CEDC00B02D46 /* default.background.png */,
				BFF1D2D41732CEDC00B02D46 /* default.background@2x.png */,
				BFE3920C173AA27800749966 /* default.callout.arrow@2x.png */,
				BFE3920D173AA27800749966 /* default.callout.box@2x.png */,
				BFE391BA17341C7600749966 /* default.color.strip@2x.png */,
				BFF1D2AF1732BBCB00B02D46 /* Default.png */,
				BFF1D2B11732BBCB00B02D46 /* Default@2x.png */,
				BFE391DD173827F700749966 /* edit.profile.change.photo@2x.png */,
				BFE391DE173827F700749966 /* edit.profile.help.button.png */,
				BFE391C41738118200749966 /* edit.profile.help.button@2x.png */,
				BFE391DF173827F700749966 /* edit.profile.photo.background@2x.png */,
				BFE391E0173827F700749966 /* edit.profile.plus.button.png */,
				BFE391E1173827F700749966 /* edit.profile.plus.button@2x.png */,
				BFF1D2D51732CEDC00B02D46 /* forward.reveal.arrow@2x.png */,
				BFF1D2D61732CEDC00B02D46 /* gray.grainy.background-568h@2x.png */,
				BFF1D2D71732CEDC00B02D46 /* gray.grainy.background.png */,
				BFF1D2D81732CEDC00B02D46 /* gray.grainy.background@2x.png */,
				BFF1D2C61732C3BB00B02D46 /* green.button.doubleWide.png */,
				BFF1D2C71732C3BB00B02D46 /* green.button.doubleWide@2x.png */,
				BFE391B31734183E00749966 /* gs.head.png */,
				BFF1D2F91733DBD800B02D46 /* gs.logo@2x.png */,
				BFF1D2C81732C3BB00B02D46 /* Icon.png */,
				BFF1D2C91732C3BB00B02D46 /* Icon@2x.png */,
				BFF1D2A61732BBCB00B02D46 /* InfoPlist.strings */,
				BFF1D2A91732BBCB00B02D46 /* main.m */,
				BFF1D2FA1733DBD800B02D46 /* menu.icon.about.png */,
				BFF1D2FB1733DBD800B02D46 /* menu.icon.about@2x.png */,
				BFF1D2FC1733DBD900B02D46 /* menu.icon.editProfile.png */,
				BFF1D2FD1733DBD900B02D46 /* menu.icon.editProfile@2x.png */,
				BFF1D2FE1733DBD900B02D46 /* menu.icon.faq.png */,
				BFF1D2FF1733DBD900B02D46 /* menu.icon.faq@2x.png */,
				BFF1D3001733DBD900B02D46 /* menu.icon.links.png */,
				BFF1D3011733DBD900B02D46 /* menu.icon.links@2x.png */,
				BFF1D3021733DBDA00B02D46 /* menu.icon.share.png */,
				BFF1D3031733DBDA00B02D46 /* menu.icon.share@2x.png */,
				BFE391CF1738192A00749966 /* menu.icon.support@2x.png */,
				BFF1D2D91732CEDC00B02D46 /* menu.reveal.button.png */,
				BFF1D2DA1732CEDC00B02D46 /* menu.reveal.button@2x.png */,
				BFE391E2173827F700749966 /* modal.dismiss.button.png */,
				BFE391C51738118200749966 /* modal.dismiss.button@2x.png */,
				BFE39208173A91D100749966 /* popup.bubble.png */,
				BFE39209173A91D200749966 /* popup.bubble@2x.png */,
				BFF1D3041733DBDA00B02D46 /* profile.emptyPhoto.background.png */,
				BFF1D3051733DBDA00B02D46 /* profile.emptyPhoto.background@2x.png */,
				BFE391E3173827F700749966 /* profile.help.button.png */,
				BFE391C61738118200749966 /* profile.help.button@2x.png */,
				BFF1D2DB1732CEDC00B02D46 /* profile.hourly.background.png */,
				BFF1D2DC1732CEDC00B02D46 /* profile.hourly.background@2x.png */,
				BFF1D3061733DBDC00B02D46 /* red.button.doubleWide.png */,
				BFF1D3071733DBDC00B02D46 /* red.button.doubleWide@2x.png */,
				BFF1D3081733DBDC00B02D46 /* red.button.photo.png */,
				BFF1D3091733DBDC00B02D46 /* red.button.photo@2x.png */,
				BFE391E4173827F700749966 /* tabStrip.calculator.active.png */,
				BFF1D2DD1732CEDC00B02D46 /* tabStrip.calculator.active@2x.png */,
				BFE391E5173827F700749966 /* tabStrip.calculator.inactive.png */,
				BFF1D2DE1732CEDC00B02D46 /* tabStrip.calculator.inactive@2x.png */,
				BFE391E6173827F700749966 /* tabStrip.profile.active.png */,
				BFF1D2DF1732CEDC00B02D46 /* tabStrip.profile.active@2x.png */,
				BFE391E7173827F700749966 /* tabStrip.profile.inactive.png */,
				BFF1D2E01732CEDC00B02D46 /* tabStrip.profile.inactive@2x.png */,
				BFBA8EFE173AC20500563117 /* tabStrip.project.active.png */,
				BFBA8EF8173AAED100563117 /* tabStrip.project.active@2x.png */,
				BFBA8EFF173AC20500563117 /* tabStrip.project.inactive.png */,
				BFBA8EF9173AAED100563117 /* tabStrip.project.inactive@2x.png */,
				BFF1D2CA1732C3BB00B02D46 /* text.field.background.png */,
				BFF1D2CB1732C3BB00B02D46 /* text.field.background@2x.png */,
				BFE391E8173827F700749966 /* web.view.back.button.png */,
				BFE391D01738192A00749966 /* web.view.back.button@2x.png */,
				BFE391E9173827F700749966 /* web.view.close.button.png */,
				BFE391D11738192A00749966 /* web.view.close.button@2x.png */,
				BFE391D21738192A00749966 /* web.view.elipsis.dot@2x.png */,
				BFE391EA173827F700749966 /* web.view.forward.button.png */,
				BFE391D31738192A00749966 /* web.view.forward.button@2x.png */,
				BFE391EB173827F700749966 /* web.view.refresh.button.png */,
				BFE391D41738192A00749966 /* web.view.refresh.button@2x.png */,
				BFE391D51738192A00749966 /* web.view.toolBar.background@2x.png */,
			);
			name = "Supporting Files";
			sourceTree = "<group>";
		};
/* End PBXGroup section */

/* Begin PBXNativeTarget section */
		BFF1D2991732BBCB00B02D46 /* Abacus */ = {
			isa = PBXNativeTarget;
			buildConfigurationList = BFF1D2BD1732BBCB00B02D46 /* Build configuration list for PBXNativeTarget "Abacus" */;
			buildPhases = (
				BFF1D2961732BBCB00B02D46 /* Sources */,
				BFF1D2971732BBCB00B02D46 /* Frameworks */,
				BFF1D2981732BBCB00B02D46 /* Resources */,
			);
			buildRules = (
			);
			dependencies = (
			);
			name = Abacus;
			productName = Abacus;
			productReference = BFF1D29A1732BBCB00B02D46 /* Abacus.app */;
			productType = "com.apple.product-type.application";
		};
/* End PBXNativeTarget section */

/* Begin PBXProject section */
		BFF1D2921732BBCB00B02D46 /* Project object */ = {
			isa = PBXProject;
			attributes = {
				LastUpgradeCheck = 0460;
				ORGANIZATIONNAME = "Graham Savage";
			};
			buildConfigurationList = BFF1D2951732BBCB00B02D46 /* Build configuration list for PBXProject "Abacus" */;
			compatibilityVersion = "Xcode 3.2";
			developmentRegion = English;
			hasScannedForEncodings = 0;
			knownRegions = (
				en,
			);
			mainGroup = BFF1D2911732BBCB00B02D46;
			productRefGroup = BFF1D29B1732BBCB00B02D46 /* Products */;
			projectDirPath = "";
			projectRoot = "";
			targets = (
				BFF1D2991732BBCB00B02D46 /* Abacus */,
			);
		};
/* End PBXProject section */

/* Begin PBXResourcesBuildPhase section */
		BFF1D2981732BBCB00B02D46 /* Resources */ = {
			isa = PBXResourcesBuildPhase;
			buildActionMask = 2147483647;
			files = (
				BFF1D2A81732BBCB00B02D46 /* InfoPlist.strings in Resources */,
				BFF1D2B01732BBCB00B02D46 /* Default.png in Resources */,
				BFF1D2B21732BBCB00B02D46 /* Default@2x.png in Resources */,
				BFF1D2B41732BBCB00B02D46 /* Default-568h@2x.png in Resources */,
				BFF1D2BA1732BBCB00B02D46 /* RootViewController.xib in Resources */,
				BFF1D2CC1732C3BB00B02D46 /* green.button.doubleWide.png in Resources */,
				BFF1D2CD1732C3BB00B02D46 /* green.button.doubleWide@2x.png in Resources */,
				BFF1D2CE1732C3BB00B02D46 /* Icon.png in Resources */,
				BFF1D2CF1732C3BB00B02D46 /* Icon@2x.png in Resources */,
				BFF1D2D01732C3BB00B02D46 /* text.field.background.png in Resources */,
				BFF1D2D11732C3BB00B02D46 /* text.field.background@2x.png in Resources */,
				BFF1D2E11732CEDC00B02D46 /* default.background-568h@2x.png in Resources */,
				BFF1D2E21732CEDC00B02D46 /* default.background.png in Resources */,
				BFF1D2E31732CEDC00B02D46 /* default.background@2x.png in Resources */,
				BFF1D2E41732CEDC00B02D46 /* forward.reveal.arrow@2x.png in Resources */,
				BFF1D2E51732CEDC00B02D46 /* gray.grainy.background-568h@2x.png in Resources */,
				BFF1D2E61732CEDC00B02D46 /* gray.grainy.background.png in Resources */,
				BFF1D2E71732CEDC00B02D46 /* gray.grainy.background@2x.png in Resources */,
				BFF1D2E81732CEDC00B02D46 /* menu.reveal.button.png in Resources */,
				BFF1D2E91732CEDC00B02D46 /* menu.reveal.button@2x.png in Resources */,
				BFF1D2EA1732CEDC00B02D46 /* profile.hourly.background.png in Resources */,
				BFF1D2EB1732CEDC00B02D46 /* profile.hourly.background@2x.png in Resources */,
				BFF1D2EC1732CEDC00B02D46 /* tabStrip.calculator.active@2x.png in Resources */,
				BFF1D2ED1732CEDC00B02D46 /* tabStrip.calculator.inactive@2x.png in Resources */,
				BFF1D2EE1732CEDC00B02D46 /* tabStrip.profile.active@2x.png in Resources */,
				BFF1D2EF1732CEDC00B02D46 /* tabStrip.profile.inactive@2x.png in Resources */,
				BFF1D30A1733DBDC00B02D46 /* ao.logo@2x.png in Resources */,
				BFF1D30B1733DBDC00B02D46 /* calculator.budget.button.active.png in Resources */,
				BFF1D30C1733DBDC00B02D46 /* calculator.budget.button.active@2x.png in Resources */,
				BFF1D30D1733DBDC00B02D46 /* calculator.budget.button.inactive.png in Resources */,
				BFF1D30E1733DBDC00B02D46 /* calculator.budget.button.inactive@2x.png in Resources */,
				BFF1D30F1733DBDC00B02D46 /* calculator.hourly.button.active.png in Resources */,
				BFF1D3101733DBDC00B02D46 /* calculator.hourly.button.active@2x.png in Resources */,
				BFF1D3111733DBDC00B02D46 /* calculator.hourly.button.inactive.png in Resources */,
				BFF1D3121733DBDC00B02D46 /* calculator.hourly.button.inactive@2x.png in Resources */,
				BFF1D3131733DBDC00B02D46 /* gs.logo@2x.png in Resources */,
				BFF1D3141733DBDC00B02D46 /* menu.icon.about.png in Resources */,
				BFF1D3151733DBDC00B02D46 /* menu.icon.about@2x.png in Resources */,
				BFF1D3161733DBDC00B02D46 /* menu.icon.editProfile.png in Resources */,
				BFF1D3171733DBDC00B02D46 /* menu.icon.editProfile@2x.png in Resources */,
				BFF1D3181733DBDC00B02D46 /* menu.icon.faq.png in Resources */,
				BFF1D3191733DBDC00B02D46 /* menu.icon.faq@2x.png in Resources */,
				BFF1D31A1733DBDC00B02D46 /* menu.icon.links.png in Resources */,
				BFF1D31B1733DBDC00B02D46 /* menu.icon.links@2x.png in Resources */,
				BFF1D31C1733DBDC00B02D46 /* menu.icon.share.png in Resources */,
				BFF1D31D1733DBDC00B02D46 /* menu.icon.share@2x.png in Resources */,
				BFF1D31E1733DBDC00B02D46 /* profile.emptyPhoto.background.png in Resources */,
				BFF1D31F1733DBDC00B02D46 /* profile.emptyPhoto.background@2x.png in Resources */,
				BFF1D3201733DBDC00B02D46 /* red.button.doubleWide.png in Resources */,
				BFF1D3211733DBDC00B02D46 /* red.button.doubleWide@2x.png in Resources */,
				BFF1D3221733DBDC00B02D46 /* red.button.photo.png in Resources */,
				BFF1D3231733DBDC00B02D46 /* red.button.photo@2x.png in Resources */,
				BFF1D32C1733E06300B02D46 /* MenuViewController.xib in Resources */,
				BFF1D3311733F54000B02D46 /* ProfileSummaryViewController.xib in Resources */,
				BFF1D3361733F57100B02D46 /* CalculatorViewController-568h@2x.xib in Resources */,
				BFF1D346173406CB00B02D46 /* calculator.background@2x.png in Resources */,
				BFE391B2173414B500749966 /* MenuCell.xib in Resources */,
				BFE391B41734183E00749966 /* gs.head.png in Resources */,
				BFE391B917341BEC00749966 /* EditProfileViewController.xib in Resources */,
				BFE391BB17341C7600749966 /* default.color.strip@2x.png in Resources */,
				BFE391C01737DD4500749966 /* CalculatorViewController.xib in Resources */,
				BFE391C71738118200749966 /* edit.profile.help.button@2x.png in Resources */,
				BFE391C81738118200749966 /* modal.dismiss.button@2x.png in Resources */,
				BFE391C91738118200749966 /* profile.help.button@2x.png in Resources */,
				BFE391CE173811A000749966 /* WebViewController.xib in Resources */,
				BFE391D61738192A00749966 /* menu.icon.support@2x.png in Resources */,
				BFE391D71738192A00749966 /* web.view.back.button@2x.png in Resources */,
				BFE391D81738192A00749966 /* web.view.close.button@2x.png in Resources */,
				BFE391D91738192A00749966 /* web.view.elipsis.dot@2x.png in Resources */,
				BFE391DA1738192A00749966 /* web.view.forward.button@2x.png in Resources */,
				BFE391DB1738192A00749966 /* web.view.refresh.button@2x.png in Resources */,
				BFE391DC1738192A00749966 /* web.view.toolBar.background@2x.png in Resources */,
				BFE391EC173827F700749966 /* edit.profile.change.photo@2x.png in Resources */,
				BFE391ED173827F700749966 /* edit.profile.help.button.png in Resources */,
				BFE391EE173827F700749966 /* edit.profile.photo.background@2x.png in Resources */,
				BFE391EF173827F700749966 /* edit.profile.plus.button.png in Resources */,
				BFE391F0173827F700749966 /* edit.profile.plus.button@2x.png in Resources */,
				BFE391F1173827F700749966 /* modal.dismiss.button.png in Resources */,
				BFE391F2173827F700749966 /* profile.help.button.png in Resources */,
				BFE391F3173827F700749966 /* tabStrip.calculator.active.png in Resources */,
				BFE391F4173827F700749966 /* tabStrip.calculator.inactive.png in Resources */,
				BFE391F5173827F700749966 /* tabStrip.profile.active.png in Resources */,
				BFE391F6173827F700749966 /* tabStrip.profile.inactive.png in Resources */,
				BFE391F7173827F700749966 /* web.view.back.button.png in Resources */,
				BFE391F8173827F700749966 /* web.view.close.button.png in Resources */,
				BFE391F9173827F700749966 /* web.view.forward.button.png in Resources */,
				BFE391FA173827F700749966 /* web.view.refresh.button.png in Resources */,
				BFE3920A173A91D200749966 /* popup.bubble.png in Resources */,
				BFE3920B173A91D200749966 /* popup.bubble@2x.png in Resources */,
				BFE3920E173AA27800749966 /* default.callout.arrow@2x.png in Resources */,
				BFE3920F173AA27800749966 /* default.callout.box@2x.png in Resources */,
				BFBA8EF7173AACF300563117 /* ProjectsViewController.xib in Resources */,
				BFBA8EFA173AAED100563117 /* tabStrip.project.active@2x.png in Resources */,
				BFBA8EFB173AAED100563117 /* tabStrip.project.inactive@2x.png in Resources */,
				BFBA8EFD173AAFB200563117 /* ProjectCell.xib in Resources */,
				BFBA8F00173AC20500563117 /* tabStrip.project.active.png in Resources */,
				BFBA8F01173AC20500563117 /* tabStrip.project.inactive.png in Resources */,
			);
			runOnlyForDeploymentPostprocessing = 0;
		};
/* End PBXResourcesBuildPhase section */

/* Begin PBXSourcesBuildPhase section */
		BFF1D2961732BBCB00B02D46 /* Sources */ = {
			isa = PBXSourcesBuildPhase;
			buildActionMask = 2147483647;
			files = (
				BFF1D2AA1732BBCB00B02D46 /* main.m in Sources */,
				BFF1D2AE1732BBCB00B02D46 /* AppDelegate.m in Sources */,
				BFF1D2B71732BBCB00B02D46 /* RootViewController.m in Sources */,
				BFF1D2C21732BECA00B02D46 /* UIImage+Retina4.m in Sources */,
				BFF1D2C51732BF1C00B02D46 /* UITextField+Customizations.m in Sources */,
				BFF1D32B1733E06300B02D46 /* MenuViewController.m in Sources */,
				BFF1D3301733F54000B02D46 /* ProfileSummaryViewController.m in Sources */,
				BFF1D3351733F57100B02D46 /* CalculatorViewController.m in Sources */,
				BFF1D33F1733F8FA00B02D46 /* CheckBox.m in Sources */,
				BFF1D3401733F8FA00B02D46 /* Persist.m in Sources */,
				BFF1D3411733F8FA00B02D46 /* PullDown.m in Sources */,
				BFF1D3421733F8FA00B02D46 /* RadioButton.m in Sources */,
				BFE391B817341BEC00749966 /* EditProfileViewController.m in Sources */,
				BFE391BE173439AC00749966 /* SwipeyLabel.m in Sources */,
				BFE391C31737F50900749966 /* Alerts.m in Sources */,
				BFE391CD173811A000749966 /* WebViewController.m in Sources */,
				BFE391FD1739351500749966 /* Database.m in Sources */,
				BFBA8EF6173AACF300563117 /* ProjectsViewController.m in Sources */,
			);
			runOnlyForDeploymentPostprocessing = 0;
		};
/* End PBXSourcesBuildPhase section */

/* Begin PBXVariantGroup section */
		BFF1D2A61732BBCB00B02D46 /* InfoPlist.strings */ = {
			isa = PBXVariantGroup;
			children = (
				BFF1D2A71732BBCB00B02D46 /* en */,
			);
			name = InfoPlist.strings;
			sourceTree = "<group>";
		};
		BFF1D2B81732BBCB00B02D46 /* RootViewController.xib */ = {
			isa = PBXVariantGroup;
			children = (
				BFF1D2B91732BBCB00B02D46 /* en */,
			);
			name = RootViewController.xib;
			sourceTree = "<group>";
		};
/* End PBXVariantGroup section */

/* Begin XCBuildConfiguration section */
		BFF1D2BB1732BBCB00B02D46 /* Debug */ = {
			isa = XCBuildConfiguration;
			buildSettings = {
				ALWAYS_SEARCH_USER_PATHS = NO;
				CLANG_CXX_LANGUAGE_STANDARD = "gnu++0x";
				CLANG_CXX_LIBRARY = "libc++";
				CLANG_WARN_CONSTANT_CONVERSION = YES;
				CLANG_WARN_EMPTY_BODY = YES;
				CLANG_WARN_ENUM_CONVERSION = YES;
				CLANG_WARN_INT_CONVERSION = YES;
				CLANG_WARN__DUPLICATE_METHOD_MATCH = YES;
				"CODE_SIGN_IDENTITY[sdk=iphoneos*]" = "iPhone Developer";
				COPY_PHASE_STRIP = NO;
				GCC_C_LANGUAGE_STANDARD = gnu99;
				GCC_DYNAMIC_NO_PIC = NO;
				GCC_OPTIMIZATION_LEVEL = 0;
				GCC_PREPROCESSOR_DEFINITIONS = (
					"DEBUG=1",
					"$(inherited)",
				);
				GCC_SYMBOLS_PRIVATE_EXTERN = NO;
				GCC_WARN_ABOUT_RETURN_TYPE = YES;
				GCC_WARN_UNINITIALIZED_AUTOS = YES;
				GCC_WARN_UNUSED_VARIABLE = YES;
				IPHONEOS_DEPLOYMENT_TARGET = 5.1;
				ONLY_ACTIVE_ARCH = YES;
				SDKROOT = iphoneos;
			};
			name = Debug;
		};
		BFF1D2BC1732BBCB00B02D46 /* Release */ = {
			isa = XCBuildConfiguration;
			buildSettings = {
				ALWAYS_SEARCH_USER_PATHS = NO;
				CLANG_CXX_LANGUAGE_STANDARD = "gnu++0x";
				CLANG_CXX_LIBRARY = "libc++";
				CLANG_WARN_CONSTANT_CONVERSION = YES;
				CLANG_WARN_EMPTY_BODY = YES;
				CLANG_WARN_ENUM_CONVERSION = YES;
				CLANG_WARN_INT_CONVERSION = YES;
				CLANG_WARN__DUPLICATE_METHOD_MATCH = YES;
				"CODE_SIGN_IDENTITY[sdk=iphoneos*]" = "iPhone Developer";
				COPY_PHASE_STRIP = YES;
				GCC_C_LANGUAGE_STANDARD = gnu99;
				GCC_WARN_ABOUT_RETURN_TYPE = YES;
				GCC_WARN_UNINITIALIZED_AUTOS = YES;
				GCC_WARN_UNUSED_VARIABLE = YES;
				IPHONEOS_DEPLOYMENT_TARGET = 5.1;
				OTHER_CFLAGS = "-DNS_BLOCK_ASSERTIONS=1";
				SDKROOT = iphoneos;
				VALIDATE_PRODUCT = YES;
			};
			name = Release;
		};
		BFF1D2BE1732BBCB00B02D46 /* Debug */ = {
			isa = XCBuildConfiguration;
			buildSettings = {
				CODE_SIGN_IDENTITY = "iPhone Developer: Graham Savage (L4EU45RM46)";
				"CODE_SIGN_IDENTITY[sdk=iphoneos*]" = "iPhone Developer: Graham Savage (L4EU45RM46)";
				GCC_PRECOMPILE_PREFIX_HEADER = YES;
				GCC_PREFIX_HEADER = "Abacus/Abacus-Prefix.pch";
				INFOPLIST_FILE = "Abacus/Abacus-Info.plist";
				IPHONEOS_DEPLOYMENT_TARGET = 5.1;
				PRODUCT_NAME = "$(TARGET_NAME)";
				PROVISIONING_PROFILE = "4E95A0B9-2B87-46D7-9D26-549CD7B1EF38";
				"PROVISIONING_PROFILE[sdk=iphoneos*]" = "4E95A0B9-2B87-46D7-9D26-549CD7B1EF38";
				WRAPPER_EXTENSION = app;
			};
			name = Debug;
		};
		BFF1D2BF1732BBCB00B02D46 /* Release */ = {
			isa = XCBuildConfiguration;
			buildSettings = {
				CODE_SIGN_IDENTITY = "iPhone Distribution: Graham Savage";
				"CODE_SIGN_IDENTITY[sdk=iphoneos*]" = "iPhone Distribution: Graham Savage";
				GCC_PRECOMPILE_PREFIX_HEADER = YES;
				GCC_PREFIX_HEADER = "Abacus/Abacus-Prefix.pch";
				INFOPLIST_FILE = "Abacus/Abacus-Info.plist";
				IPHONEOS_DEPLOYMENT_TARGET = 5.1;
				PRODUCT_NAME = "$(TARGET_NAME)";
				PROVISIONING_PROFILE = "9CC775DE-33FC-43FF-9701-C0FA992D6904";
				"PROVISIONING_PROFILE[sdk=iphoneos*]" = "9CC775DE-33FC-43FF-9701-C0FA992D6904";
				WRAPPER_EXTENSION = app;
			};
			name = Release;
		};
/* End XCBuildConfiguration section */

/* Begin XCConfigurationList section */
		BFF1D2951732BBCB00B02D46 /* Build configuration list for PBXProject "Abacus" */ = {
			isa = XCConfigurationList;
			buildConfigurations = (
				BFF1D2BB1732BBCB00B02D46 /* Debug */,
				BFF1D2BC1732BBCB00B02D46 /* Release */,
			);
			defaultConfigurationIsVisible = 0;
			defaultConfigurationName = Release;
		};
		BFF1D2BD1732BBCB00B02D46 /* Build configuration list for PBXNativeTarget "Abacus" */ = {
			isa = XCConfigurationList;
			buildConfigurations = (
				BFF1D2BE1732BBCB00B02D46 /* Debug */,
				BFF1D2BF1732BBCB00B02D46 /* Release */,
			);
			defaultConfigurationIsVisible = 0;
			defaultConfigurationName = Release;
		};
/* End XCConfigurationList section */
	};
	rootObject = BFF1D2921732BBCB00B02D46 /* Project object */;
}
