// !$*UTF8*$!
{
	archiveVersion = 1;
	classes = {
	};
	objectVersion = 46;
	objects = {

/* Begin PBXBuildFile section */
		BF88DD75174283CD00E56100 /* HourlyRateKeyboard2.xib in Resources */ = {isa = PBXBuildFile; fileRef = BF88DD74174283CD00E56100 /* HourlyRateKeyboard2.xib */; };
		BF88DD771743BA6200E56100 /* StartingDateView.xib in Resources */ = {isa = PBXBuildFile; fileRef = BF88DD761743BA6200E56100 /* StartingDateView.xib */; };
		BFB90BDF173E7AF100C19D0D /* EULAViewController.m in Sources */ = {isa = PBXBuildFile; fileRef = BFB90BDD173E7AF100C19D0D /* EULAViewController.m */; };
		BFB90BE0173E7AF100C19D0D /* EULAViewController.xib in Resources */ = {isa = PBXBuildFile; fileRef = BFB90BDE173E7AF100C19D0D /* EULAViewController.xib */; };
		BFB90BE317411CFB00C19D0D /* HourlyRateKeyboard.xib in Resources */ = {isa = PBXBuildFile; fileRef = BFB90BE217411CFB00C19D0D /* HourlyRateKeyboard.xib */; };
		BFBA8EF6173AACF300563117 /* ProjectsViewController.m in Sources */ = {isa = PBXBuildFile; fileRef = BFBA8EF4173AACF300563117 /* ProjectsViewController.m */; };
		BFBA8EF7173AACF300563117 /* ProjectsViewController.xib in Resources */ = {isa = PBXBuildFile; fileRef = BFBA8EF5173AACF300563117 /* ProjectsViewController.xib */; };
		BFBA8EFD173AAFB200563117 /* ProjectCell.xib in Resources */ = {isa = PBXBuildFile; fileRef = BFBA8EFC173AAFB200563117 /* ProjectCell.xib */; };
		BFBA8F27173AEE2200563117 /* EditProjectViewController.m in Sources */ = {isa = PBXBuildFile; fileRef = BFBA8F25173AEE2200563117 /* EditProjectViewController.m */; };
		BFBA8F28173AEE2200563117 /* EditProjectViewController.xib in Resources */ = {isa = PBXBuildFile; fileRef = BFBA8F26173AEE2200563117 /* EditProjectViewController.xib */; };
		BFBA8F2B173BC70000563117 /* UIViewController+Customizations.m in Sources */ = {isa = PBXBuildFile; fileRef = BFBA8F2A173BC70000563117 /* UIViewController+Customizations.m */; };
		BFBA8F2E173BCDA100563117 /* UITextView+Customizations.m in Sources */ = {isa = PBXBuildFile; fileRef = BFBA8F2D173BCDA100563117 /* UITextView+Customizations.m */; };
		BFE391B2173414B500749966 /* MenuCell.xib in Resources */ = {isa = PBXBuildFile; fileRef = BFE391B1173414B500749966 /* MenuCell.xib */; };
		BFE391B817341BEC00749966 /* EditProfileViewController.m in Sources */ = {isa = PBXBuildFile; fileRef = BFE391B617341BEC00749966 /* EditProfileViewController.m */; };
		BFE391B917341BEC00749966 /* EditProfileViewController.xib in Resources */ = {isa = PBXBuildFile; fileRef = BFE391B717341BEC00749966 /* EditProfileViewController.xib */; };
		BFE391BE173439AC00749966 /* SwipeyLabel.m in Sources */ = {isa = PBXBuildFile; fileRef = BFE391BD173439AC00749966 /* SwipeyLabel.m */; };
		BFE391C01737DD4500749966 /* CalculatorViewController.xib in Resources */ = {isa = PBXBuildFile; fileRef = BFE391BF1737DD4500749966 /* CalculatorViewController.xib */; };
		BFE391C31737F50900749966 /* Alerts.m in Sources */ = {isa = PBXBuildFile; fileRef = BFE391C21737F50900749966 /* Alerts.m */; };
		BFE391CD173811A000749966 /* WebViewController.m in Sources */ = {isa = PBXBuildFile; fileRef = BFE391CB1738119F00749966 /* WebViewController.m */; };
		BFE391CE173811A000749966 /* WebViewController.xib in Resources */ = {isa = PBXBuildFile; fileRef = BFE391CC1738119F00749966 /* WebViewController.xib */; };
		BFE391FD1739351500749966 /* Database.m in Sources */ = {isa = PBXBuildFile; fileRef = BFE391FC1739351400749966 /* Database.m */; };
		BFE391FF1739356900749966 /* libsqlite3.0.dylib in Frameworks */ = {isa = PBXBuildFile; fileRef = BFE391FE1739356800749966 /* libsqlite3.0.dylib */; };
		BFE39205173A8A1900749966 /* Social.framework in Frameworks */ = {isa = PBXBuildFile; fileRef = BFE39204173A8A1900749966 /* Social.framework */; };
		BFE39207173A8C1700749966 /* Twitter.framework in Frameworks */ = {isa = PBXBuildFile; fileRef = BFE39206173A8C1700749966 /* Twitter.framework */; };
		BFEFB3631825399E00793835 /* Images.xcassets in Resources */ = {isa = PBXBuildFile; fileRef = BFEFB3621825399E00793835 /* Images.xcassets */; };
		BFEFB36A18253A4700793835 /* XCTest.framework in Frameworks */ = {isa = PBXBuildFile; fileRef = BFEFB36918253A4700793835 /* XCTest.framework */; };
		BFEFB36B18253A4700793835 /* Foundation.framework in Frameworks */ = {isa = PBXBuildFile; fileRef = BFF1D29F1732BBCB00B02D46 /* Foundation.framework */; };
		BFEFB36C18253A4700793835 /* UIKit.framework in Frameworks */ = {isa = PBXBuildFile; fileRef = BFF1D29D1732BBCB00B02D46 /* UIKit.framework */; };
		BFEFB37218253A4700793835 /* InfoPlist.strings in Resources */ = {isa = PBXBuildFile; fileRef = BFEFB37018253A4700793835 /* InfoPlist.strings */; };
		BFEFB37418253A4700793835 /* Abacus_Tests.m in Sources */ = {isa = PBXBuildFile; fileRef = BFEFB37318253A4700793835 /* Abacus_Tests.m */; };
		BFF1D29E1732BBCB00B02D46 /* UIKit.framework in Frameworks */ = {isa = PBXBuildFile; fileRef = BFF1D29D1732BBCB00B02D46 /* UIKit.framework */; };
		BFF1D2A01732BBCB00B02D46 /* Foundation.framework in Frameworks */ = {isa = PBXBuildFile; fileRef = BFF1D29F1732BBCB00B02D46 /* Foundation.framework */; };
		BFF1D2A21732BBCB00B02D46 /* CoreGraphics.framework in Frameworks */ = {isa = PBXBuildFile; fileRef = BFF1D2A11732BBCB00B02D46 /* CoreGraphics.framework */; };
		BFF1D2A81732BBCB00B02D46 /* InfoPlist.strings in Resources */ = {isa = PBXBuildFile; fileRef = BFF1D2A61732BBCB00B02D46 /* InfoPlist.strings */; };
		BFF1D2AA1732BBCB00B02D46 /* main.m in Sources */ = {isa = PBXBuildFile; fileRef = BFF1D2A91732BBCB00B02D46 /* main.m */; };
		BFF1D2AE1732BBCB00B02D46 /* AppDelegate.m in Sources */ = {isa = PBXBuildFile; fileRef = BFF1D2AD1732BBCB00B02D46 /* AppDelegate.m */; };
		BFF1D2B71732BBCB00B02D46 /* RootViewController.m in Sources */ = {isa = PBXBuildFile; fileRef = BFF1D2B61732BBCB00B02D46 /* RootViewController.m */; };
		BFF1D2BA1732BBCB00B02D46 /* RootViewController.xib in Resources */ = {isa = PBXBuildFile; fileRef = BFF1D2B81732BBCB00B02D46 /* RootViewController.xib */; };
		BFF1D2C21732BECA00B02D46 /* UIImage+Retina4.m in Sources */ = {isa = PBXBuildFile; fileRef = BFF1D2C11732BECA00B02D46 /* UIImage+Retina4.m */; };
		BFF1D2C51732BF1C00B02D46 /* UITextField+Customizations.m in Sources */ = {isa = PBXBuildFile; fileRef = BFF1D2C41732BF1C00B02D46 /* UITextField+Customizations.m */; };
		BFF1D3271733DD6700B02D46 /* iAd.framework in Frameworks */ = {isa = PBXBuildFile; fileRef = BFF1D3261733DD6700B02D46 /* iAd.framework */; };
		BFF1D32B1733E06300B02D46 /* MenuViewController.m in Sources */ = {isa = PBXBuildFile; fileRef = BFF1D3291733E06300B02D46 /* MenuViewController.m */; };
		BFF1D32C1733E06300B02D46 /* MenuViewController.xib in Resources */ = {isa = PBXBuildFile; fileRef = BFF1D32A1733E06300B02D46 /* MenuViewController.xib */; };
		BFF1D3301733F54000B02D46 /* ProfileSummaryViewController.m in Sources */ = {isa = PBXBuildFile; fileRef = BFF1D32E1733F53F00B02D46 /* ProfileSummaryViewController.m */; };
		BFF1D3311733F54000B02D46 /* ProfileSummaryViewController.xib in Resources */ = {isa = PBXBuildFile; fileRef = BFF1D32F1733F53F00B02D46 /* ProfileSummaryViewController.xib */; };
		BFF1D3351733F57100B02D46 /* CalculatorViewController.m in Sources */ = {isa = PBXBuildFile; fileRef = BFF1D3331733F57000B02D46 /* CalculatorViewController.m */; };
		BFF1D3361733F57100B02D46 /* CalculatorViewController-568h@2x.xib in Resources */ = {isa = PBXBuildFile; fileRef = BFF1D3341733F57100B02D46 /* CalculatorViewController-568h@2x.xib */; };
		BFF1D33F1733F8FA00B02D46 /* CheckBox.m in Sources */ = {isa = PBXBuildFile; fileRef = BFF1D3381733F8F900B02D46 /* CheckBox.m */; };
		BFF1D3401733F8FA00B02D46 /* Persist.m in Sources */ = {isa = PBXBuildFile; fileRef = BFF1D33A1733F8F900B02D46 /* Persist.m */; };
		BFF1D3411733F8FA00B02D46 /* PullDown.m in Sources */ = {isa = PBXBuildFile; fileRef = BFF1D33C1733F8FA00B02D46 /* PullDown.m */; };
		BFF1D3421733F8FA00B02D46 /* RadioButton.m in Sources */ = {isa = PBXBuildFile; fileRef = BFF1D33E1733F8FA00B02D46 /* RadioButton.m */; };
		BFF1D3441733FBCC00B02D46 /* Security.framework in Frameworks */ = {isa = PBXBuildFile; fileRef = BFF1D3431733FBCC00B02D46 /* Security.framework */; };
		BFF5C813173BEB6200D558C5 /* NSDate+Customizations.m in Sources */ = {isa = PBXBuildFile; fileRef = BFF5C812173BEB6200D558C5 /* NSDate+Customizations.m */; };
		BFF5C81D173C0B6F00D558C5 /* Keyboard.Toolbar.xib in Resources */ = {isa = PBXBuildFile; fileRef = BFF5C81C173C0B6F00D558C5 /* Keyboard.Toolbar.xib */; };
		BFF5C81F173C1B2900D558C5 /* QuartzCore.framework in Frameworks */ = {isa = PBXBuildFile; fileRef = BFF5C81E173C1B2800D558C5 /* QuartzCore.framework */; };
		BFF5C829173D585D00D558C5 /* CompleteProjectViewController.m in Sources */ = {isa = PBXBuildFile; fileRef = BFF5C827173D585C00D558C5 /* CompleteProjectViewController.m */; };
		BFF5C82A173D585D00D558C5 /* CompleteProjectViewController.xib in Resources */ = {isa = PBXBuildFile; fileRef = BFF5C828173D585C00D558C5 /* CompleteProjectViewController.xib */; };
/* End PBXBuildFile section */

/* Begin PBXContainerItemProxy section */
		BFEFB37618253A4700793835 /* PBXContainerItemProxy */ = {
			isa = PBXContainerItemProxy;
			containerPortal = BFF1D2921732BBCB00B02D46 /* Project object */;
			proxyType = 1;
			remoteGlobalIDString = BFF1D2991732BBCB00B02D46;
			remoteInfo = Abacus;
		};
/* End PBXContainerItemProxy section */

/* Begin PBXFileReference section */
		BF88DD74174283CD00E56100 /* HourlyRateKeyboard2.xib */ = {isa = PBXFileReference; fileEncoding = 4; lastKnownFileType = file.xib; path = HourlyRateKeyboard2.xib; sourceTree = "<group>"; };
		BF88DD761743BA6200E56100 /* StartingDateView.xib */ = {isa = PBXFileReference; fileEncoding = 4; lastKnownFileType = file.xib; path = StartingDateView.xib; sourceTree = "<group>"; };
		BFB90BDC173E7AF100C19D0D /* EULAViewController.h */ = {isa = PBXFileReference; fileEncoding = 4; lastKnownFileType = sourcecode.c.h; path = EULAViewController.h; sourceTree = "<group>"; };
		BFB90BDD173E7AF100C19D0D /* EULAViewController.m */ = {isa = PBXFileReference; fileEncoding = 4; lastKnownFileType = sourcecode.c.objc; path = EULAViewController.m; sourceTree = "<group>"; };
		BFB90BDE173E7AF100C19D0D /* EULAViewController.xib */ = {isa = PBXFileReference; fileEncoding = 4; lastKnownFileType = file.xib; path = EULAViewController.xib; sourceTree = "<group>"; };
		BFB90BE1173E854600C19D0D /* Abacus.entitlements */ = {isa = PBXFileReference; lastKnownFileType = text.xml; path = Abacus.entitlements; sourceTree = "<group>"; };
		BFB90BE217411CFB00C19D0D /* HourlyRateKeyboard.xib */ = {isa = PBXFileReference; fileEncoding = 4; lastKnownFileType = file.xib; path = HourlyRateKeyboard.xib; sourceTree = "<group>"; };
		BFBA8EF3173AACF300563117 /* ProjectsViewController.h */ = {isa = PBXFileReference; fileEncoding = 4; lastKnownFileType = sourcecode.c.h; path = ProjectsViewController.h; sourceTree = "<group>"; };
		BFBA8EF4173AACF300563117 /* ProjectsViewController.m */ = {isa = PBXFileReference; fileEncoding = 4; lastKnownFileType = sourcecode.c.objc; path = ProjectsViewController.m; sourceTree = "<group>"; };
		BFBA8EF5173AACF300563117 /* ProjectsViewController.xib */ = {isa = PBXFileReference; fileEncoding = 4; lastKnownFileType = file.xib; path = ProjectsViewController.xib; sourceTree = "<group>"; };
		BFBA8EFC173AAFB200563117 /* ProjectCell.xib */ = {isa = PBXFileReference; fileEncoding = 4; lastKnownFileType = file.xib; path = ProjectCell.xib; sourceTree = "<group>"; };
		BFBA8F24173AEE2200563117 /* EditProjectViewController.h */ = {isa = PBXFileReference; fileEncoding = 4; lastKnownFileType = sourcecode.c.h; path = EditProjectViewController.h; sourceTree = "<group>"; };
		BFBA8F25173AEE2200563117 /* EditProjectViewController.m */ = {isa = PBXFileReference; fileEncoding = 4; lastKnownFileType = sourcecode.c.objc; path = EditProjectViewController.m; sourceTree = "<group>"; };
		BFBA8F26173AEE2200563117 /* EditProjectViewController.xib */ = {isa = PBXFileReference; fileEncoding = 4; lastKnownFileType = file.xib; path = EditProjectViewController.xib; sourceTree = "<group>"; };
		BFBA8F29173BC6FF00563117 /* UIViewController+Customizations.h */ = {isa = PBXFileReference; fileEncoding = 4; lastKnownFileType = sourcecode.c.h; path = "UIViewController+Customizations.h"; sourceTree = "<group>"; };
		BFBA8F2A173BC70000563117 /* UIViewController+Customizations.m */ = {isa = PBXFileReference; fileEncoding = 4; lastKnownFileType = sourcecode.c.objc; path = "UIViewController+Customizations.m"; sourceTree = "<group>"; };
		BFBA8F2C173BCDA000563117 /* UITextView+Customizations.h */ = {isa = PBXFileReference; fileEncoding = 4; lastKnownFileType = sourcecode.c.h; path = "UITextView+Customizations.h"; sourceTree = "<group>"; };
		BFBA8F2D173BCDA100563117 /* UITextView+Customizations.m */ = {isa = PBXFileReference; fileEncoding = 4; lastKnownFileType = sourcecode.c.objc; path = "UITextView+Customizations.m"; sourceTree = "<group>"; };
		BFE391B1173414B500749966 /* MenuCell.xib */ = {isa = PBXFileReference; fileEncoding = 4; lastKnownFileType = file.xib; path = MenuCell.xib; sourceTree = "<group>"; };
		BFE391B517341BEB00749966 /* EditProfileViewController.h */ = {isa = PBXFileReference; fileEncoding = 4; lastKnownFileType = sourcecode.c.h; path = EditProfileViewController.h; sourceTree = "<group>"; };
		BFE391B617341BEC00749966 /* EditProfileViewController.m */ = {isa = PBXFileReference; fileEncoding = 4; lastKnownFileType = sourcecode.c.objc; path = EditProfileViewController.m; sourceTree = "<group>"; };
		BFE391B717341BEC00749966 /* EditProfileViewController.xib */ = {isa = PBXFileReference; fileEncoding = 4; lastKnownFileType = file.xib; path = EditProfileViewController.xib; sourceTree = "<group>"; };
		BFE391BC173439AC00749966 /* SwipeyLabel.h */ = {isa = PBXFileReference; fileEncoding = 4; lastKnownFileType = sourcecode.c.h; path = SwipeyLabel.h; sourceTree = "<group>"; };
		BFE391BD173439AC00749966 /* SwipeyLabel.m */ = {isa = PBXFileReference; fileEncoding = 4; lastKnownFileType = sourcecode.c.objc; path = SwipeyLabel.m; sourceTree = "<group>"; };
		BFE391BF1737DD4500749966 /* CalculatorViewController.xib */ = {isa = PBXFileReference; fileEncoding = 4; lastKnownFileType = file.xib; path = CalculatorViewController.xib; sourceTree = "<group>"; };
		BFE391C11737F50900749966 /* Alerts.h */ = {isa = PBXFileReference; fileEncoding = 4; lastKnownFileType = sourcecode.c.h; path = Alerts.h; sourceTree = "<group>"; };
		BFE391C21737F50900749966 /* Alerts.m */ = {isa = PBXFileReference; fileEncoding = 4; lastKnownFileType = sourcecode.c.objc; path = Alerts.m; sourceTree = "<group>"; };
		BFE391CA1738119F00749966 /* WebViewController.h */ = {isa = PBXFileReference; fileEncoding = 4; lastKnownFileType = sourcecode.c.h; path = WebViewController.h; sourceTree = "<group>"; };
		BFE391CB1738119F00749966 /* WebViewController.m */ = {isa = PBXFileReference; fileEncoding = 4; lastKnownFileType = sourcecode.c.objc; path = WebViewController.m; sourceTree = "<group>"; };
		BFE391CC1738119F00749966 /* WebViewController.xib */ = {isa = PBXFileReference; fileEncoding = 4; lastKnownFileType = file.xib; path = WebViewController.xib; sourceTree = "<group>"; };
		BFE391FB1739351300749966 /* Database.h */ = {isa = PBXFileReference; fileEncoding = 4; lastKnownFileType = sourcecode.c.h; path = Database.h; sourceTree = "<group>"; };
		BFE391FC1739351400749966 /* Database.m */ = {isa = PBXFileReference; fileEncoding = 4; lastKnownFileType = sourcecode.c.objc; path = Database.m; sourceTree = "<group>"; };
		BFE391FE1739356800749966 /* libsqlite3.0.dylib */ = {isa = PBXFileReference; lastKnownFileType = "compiled.mach-o.dylib"; name = libsqlite3.0.dylib; path = usr/lib/libsqlite3.0.dylib; sourceTree = SDKROOT; };
		BFE39204173A8A1900749966 /* Social.framework */ = {isa = PBXFileReference; lastKnownFileType = wrapper.framework; name = Social.framework; path = System/Library/Frameworks/Social.framework; sourceTree = SDKROOT; };
		BFE39206173A8C1700749966 /* Twitter.framework */ = {isa = PBXFileReference; lastKnownFileType = wrapper.framework; name = Twitter.framework; path = System/Library/Frameworks/Twitter.framework; sourceTree = SDKROOT; };
		BFEFB3621825399E00793835 /* Images.xcassets */ = {isa = PBXFileReference; lastKnownFileType = folder.assetcatalog; path = Images.xcassets; sourceTree = "<group>"; };
		BFEFB36818253A4700793835 /* Abacus Tests.xctest */ = {isa = PBXFileReference; explicitFileType = wrapper.cfbundle; includeInIndex = 0; path = "Abacus Tests.xctest"; sourceTree = BUILT_PRODUCTS_DIR; };
		BFEFB36918253A4700793835 /* XCTest.framework */ = {isa = PBXFileReference; lastKnownFileType = wrapper.framework; name = XCTest.framework; path = Library/Frameworks/XCTest.framework; sourceTree = DEVELOPER_DIR; };
		BFEFB36F18253A4700793835 /* Abacus Tests-Info.plist */ = {isa = PBXFileReference; lastKnownFileType = text.plist.xml; path = "Abacus Tests-Info.plist"; sourceTree = "<group>"; };
		BFEFB37118253A4700793835 /* en */ = {isa = PBXFileReference; lastKnownFileType = text.plist.strings; name = en; path = en.lproj/InfoPlist.strings; sourceTree = "<group>"; };
		BFEFB37318253A4700793835 /* Abacus_Tests.m */ = {isa = PBXFileReference; lastKnownFileType = sourcecode.c.objc; path = Abacus_Tests.m; sourceTree = "<group>"; };
		BFEFB37518253A4700793835 /* Abacus Tests-Prefix.pch */ = {isa = PBXFileReference; lastKnownFileType = sourcecode.c.h; path = "Abacus Tests-Prefix.pch"; sourceTree = "<group>"; };
		BFF1D29A1732BBCB00B02D46 /* Abacus.app */ = {isa = PBXFileReference; explicitFileType = wrapper.application; includeInIndex = 0; path = Abacus.app; sourceTree = BUILT_PRODUCTS_DIR; };
		BFF1D29D1732BBCB00B02D46 /* UIKit.framework */ = {isa = PBXFileReference; lastKnownFileType = wrapper.framework; name = UIKit.framework; path = System/Library/Frameworks/UIKit.framework; sourceTree = SDKROOT; };
		BFF1D29F1732BBCB00B02D46 /* Foundation.framework */ = {isa = PBXFileReference; lastKnownFileType = wrapper.framework; name = Foundation.framework; path = System/Library/Frameworks/Foundation.framework; sourceTree = SDKROOT; };
		BFF1D2A11732BBCB00B02D46 /* CoreGraphics.framework */ = {isa = PBXFileReference; lastKnownFileType = wrapper.framework; name = CoreGraphics.framework; path = System/Library/Frameworks/CoreGraphics.framework; sourceTree = SDKROOT; };
		BFF1D2A51732BBCB00B02D46 /* Abacus-Info.plist */ = {isa = PBXFileReference; lastKnownFileType = text.plist.xml; path = "Abacus-Info.plist"; sourceTree = "<group>"; };
		BFF1D2A71732BBCB00B02D46 /* en */ = {isa = PBXFileReference; lastKnownFileType = text.plist.strings; name = en; path = en.lproj/InfoPlist.strings; sourceTree = "<group>"; };
		BFF1D2A91732BBCB00B02D46 /* main.m */ = {isa = PBXFileReference; lastKnownFileType = sourcecode.c.objc; path = main.m; sourceTree = "<group>"; };
		BFF1D2AB1732BBCB00B02D46 /* Abacus-Prefix.pch */ = {isa = PBXFileReference; lastKnownFileType = sourcecode.c.h; path = "Abacus-Prefix.pch"; sourceTree = "<group>"; };
		BFF1D2AC1732BBCB00B02D46 /* AppDelegate.h */ = {isa = PBXFileReference; lastKnownFileType = sourcecode.c.h; path = AppDelegate.h; sourceTree = "<group>"; };
		BFF1D2AD1732BBCB00B02D46 /* AppDelegate.m */ = {isa = PBXFileReference; lastKnownFileType = sourcecode.c.objc; path = AppDelegate.m; sourceTree = "<group>"; };
		BFF1D2B51732BBCB00B02D46 /* RootViewController.h */ = {isa = PBXFileReference; lastKnownFileType = sourcecode.c.h; path = RootViewController.h; sourceTree = "<group>"; };
		BFF1D2B61732BBCB00B02D46 /* RootViewController.m */ = {isa = PBXFileReference; lastKnownFileType = sourcecode.c.objc; path = RootViewController.m; sourceTree = "<group>"; };
		BFF1D2B91732BBCB00B02D46 /* en */ = {isa = PBXFileReference; lastKnownFileType = file.xib; name = en; path = en.lproj/RootViewController.xib; sourceTree = "<group>"; };
		BFF1D2C01732BECA00B02D46 /* UIImage+Retina4.h */ = {isa = PBXFileReference; fileEncoding = 4; lastKnownFileType = sourcecode.c.h; path = "UIImage+Retina4.h"; sourceTree = "<group>"; };
		BFF1D2C11732BECA00B02D46 /* UIImage+Retina4.m */ = {isa = PBXFileReference; fileEncoding = 4; lastKnownFileType = sourcecode.c.objc; path = "UIImage+Retina4.m"; sourceTree = "<group>"; };
		BFF1D2C31732BF1C00B02D46 /* UITextField+Customizations.h */ = {isa = PBXFileReference; fileEncoding = 4; lastKnownFileType = sourcecode.c.h; path = "UITextField+Customizations.h"; sourceTree = "<group>"; };
		BFF1D2C41732BF1C00B02D46 /* UITextField+Customizations.m */ = {isa = PBXFileReference; fileEncoding = 4; lastKnownFileType = sourcecode.c.objc; path = "UITextField+Customizations.m"; sourceTree = "<group>"; };
		BFF1D3261733DD6700B02D46 /* iAd.framework */ = {isa = PBXFileReference; lastKnownFileType = wrapper.framework; name = iAd.framework; path = System/Library/Frameworks/iAd.framework; sourceTree = SDKROOT; };
		BFF1D3281733E06300B02D46 /* MenuViewController.h */ = {isa = PBXFileReference; fileEncoding = 4; lastKnownFileType = sourcecode.c.h; path = MenuViewController.h; sourceTree = "<group>"; };
		BFF1D3291733E06300B02D46 /* MenuViewController.m */ = {isa = PBXFileReference; fileEncoding = 4; lastKnownFileType = sourcecode.c.objc; path = MenuViewController.m; sourceTree = "<group>"; };
		BFF1D32A1733E06300B02D46 /* MenuViewController.xib */ = {isa = PBXFileReference; fileEncoding = 4; lastKnownFileType = file.xib; path = MenuViewController.xib; sourceTree = "<group>"; };
		BFF1D32D1733F53F00B02D46 /* ProfileSummaryViewController.h */ = {isa = PBXFileReference; fileEncoding = 4; lastKnownFileType = sourcecode.c.h; path = ProfileSummaryViewController.h; sourceTree = "<group>"; };
		BFF1D32E1733F53F00B02D46 /* ProfileSummaryViewController.m */ = {isa = PBXFileReference; fileEncoding = 4; lastKnownFileType = sourcecode.c.objc; path = ProfileSummaryViewController.m; sourceTree = "<group>"; };
		BFF1D32F1733F53F00B02D46 /* ProfileSummaryViewController.xib */ = {isa = PBXFileReference; fileEncoding = 4; lastKnownFileType = file.xib; path = ProfileSummaryViewController.xib; sourceTree = "<group>"; };
		BFF1D3321733F57000B02D46 /* CalculatorViewController.h */ = {isa = PBXFileReference; fileEncoding = 4; lastKnownFileType = sourcecode.c.h; path = CalculatorViewController.h; sourceTree = "<group>"; };
		BFF1D3331733F57000B02D46 /* CalculatorViewController.m */ = {isa = PBXFileReference; fileEncoding = 4; lastKnownFileType = sourcecode.c.objc; path = CalculatorViewController.m; sourceTree = "<group>"; };
		BFF1D3341733F57100B02D46 /* CalculatorViewController-568h@2x.xib */ = {isa = PBXFileReference; fileEncoding = 4; lastKnownFileType = file.xib; path = "CalculatorViewController-568h@2x.xib"; sourceTree = "<group>"; };
		BFF1D3371733F8F900B02D46 /* CheckBox.h */ = {isa = PBXFileReference; fileEncoding = 4; lastKnownFileType = sourcecode.c.h; path = CheckBox.h; sourceTree = "<group>"; };
		BFF1D3381733F8F900B02D46 /* CheckBox.m */ = {isa = PBXFileReference; fileEncoding = 4; lastKnownFileType = sourcecode.c.objc; path = CheckBox.m; sourceTree = "<group>"; };
		BFF1D3391733F8F900B02D46 /* Persist.h */ = {isa = PBXFileReference; fileEncoding = 4; lastKnownFileType = sourcecode.c.h; path = Persist.h; sourceTree = "<group>"; };
		BFF1D33A1733F8F900B02D46 /* Persist.m */ = {isa = PBXFileReference; fileEncoding = 4; lastKnownFileType = sourcecode.c.objc; path = Persist.m; sourceTree = "<group>"; };
		BFF1D33B1733F8F900B02D46 /* PullDown.h */ = {isa = PBXFileReference; fileEncoding = 4; lastKnownFileType = sourcecode.c.h; path = PullDown.h; sourceTree = "<group>"; };
		BFF1D33C1733F8FA00B02D46 /* PullDown.m */ = {isa = PBXFileReference; fileEncoding = 4; lastKnownFileType = sourcecode.c.objc; path = PullDown.m; sourceTree = "<group>"; };
		BFF1D33D1733F8FA00B02D46 /* RadioButton.h */ = {isa = PBXFileReference; fileEncoding = 4; lastKnownFileType = sourcecode.c.h; path = RadioButton.h; sourceTree = "<group>"; };
		BFF1D33E1733F8FA00B02D46 /* RadioButton.m */ = {isa = PBXFileReference; fileEncoding = 4; lastKnownFileType = sourcecode.c.objc; path = RadioButton.m; sourceTree = "<group>"; };
		BFF1D3431733FBCC00B02D46 /* Security.framework */ = {isa = PBXFileReference; lastKnownFileType = wrapper.framework; name = Security.framework; path = System/Library/Frameworks/Security.framework; sourceTree = SDKROOT; };
		BFF5C811173BEB6200D558C5 /* NSDate+Customizations.h */ = {isa = PBXFileReference; fileEncoding = 4; lastKnownFileType = sourcecode.c.h; path = "NSDate+Customizations.h"; sourceTree = "<group>"; };
		BFF5C812173BEB6200D558C5 /* NSDate+Customizations.m */ = {isa = PBXFileReference; fileEncoding = 4; lastKnownFileType = sourcecode.c.objc; path = "NSDate+Customizations.m"; sourceTree = "<group>"; };
		BFF5C81C173C0B6F00D558C5 /* Keyboard.Toolbar.xib */ = {isa = PBXFileReference; fileEncoding = 4; lastKnownFileType = file.xib; path = Keyboard.Toolbar.xib; sourceTree = "<group>"; };
		BFF5C81E173C1B2800D558C5 /* QuartzCore.framework */ = {isa = PBXFileReference; lastKnownFileType = wrapper.framework; name = QuartzCore.framework; path = System/Library/Frameworks/QuartzCore.framework; sourceTree = SDKROOT; };
		BFF5C826173D585C00D558C5 /* CompleteProjectViewController.h */ = {isa = PBXFileReference; fileEncoding = 4; lastKnownFileType = sourcecode.c.h; path = CompleteProjectViewController.h; sourceTree = "<group>"; };
		BFF5C827173D585C00D558C5 /* CompleteProjectViewController.m */ = {isa = PBXFileReference; fileEncoding = 4; lastKnownFileType = sourcecode.c.objc; path = CompleteProjectViewController.m; sourceTree = "<group>"; };
		BFF5C828173D585C00D558C5 /* CompleteProjectViewController.xib */ = {isa = PBXFileReference; fileEncoding = 4; lastKnownFileType = file.xib; path = CompleteProjectViewController.xib; sourceTree = "<group>"; };
/* End PBXFileReference section */

/* Begin PBXFrameworksBuildPhase section */
		BFEFB36518253A4700793835 /* Frameworks */ = {
			isa = PBXFrameworksBuildPhase;
			buildActionMask = 2147483647;
			files = (
				BFEFB36A18253A4700793835 /* XCTest.framework in Frameworks */,
				BFEFB36C18253A4700793835 /* UIKit.framework in Frameworks */,
				BFEFB36B18253A4700793835 /* Foundation.framework in Frameworks */,
			);
			runOnlyForDeploymentPostprocessing = 0;
		};
		BFF1D2971732BBCB00B02D46 /* Frameworks */ = {
			isa = PBXFrameworksBuildPhase;
			buildActionMask = 2147483647;
			files = (
				BFF5C81F173C1B2900D558C5 /* QuartzCore.framework in Frameworks */,
				BFE39207173A8C1700749966 /* Twitter.framework in Frameworks */,
				BFE39205173A8A1900749966 /* Social.framework in Frameworks */,
				BFE391FF1739356900749966 /* libsqlite3.0.dylib in Frameworks */,
				BFF1D3441733FBCC00B02D46 /* Security.framework in Frameworks */,
				BFF1D3271733DD6700B02D46 /* iAd.framework in Frameworks */,
				BFF1D29E1732BBCB00B02D46 /* UIKit.framework in Frameworks */,
				BFF1D2A01732BBCB00B02D46 /* Foundation.framework in Frameworks */,
				BFF1D2A21732BBCB00B02D46 /* CoreGraphics.framework in Frameworks */,
			);
			runOnlyForDeploymentPostprocessing = 0;
		};
/* End PBXFrameworksBuildPhase section */

/* Begin PBXGroup section */
		BFEFB36D18253A4700793835 /* Abacus Tests */ = {
			isa = PBXGroup;
			children = (
				BFEFB37318253A4700793835 /* Abacus_Tests.m */,
				BFEFB36E18253A4700793835 /* Supporting Files */,
			);
			path = "Abacus Tests";
			sourceTree = "<group>";
		};
		BFEFB36E18253A4700793835 /* Supporting Files */ = {
			isa = PBXGroup;
			children = (
				BFEFB36F18253A4700793835 /* Abacus Tests-Info.plist */,
				BFEFB37018253A4700793835 /* InfoPlist.strings */,
				BFEFB37518253A4700793835 /* Abacus Tests-Prefix.pch */,
			);
			name = "Supporting Files";
			sourceTree = "<group>";
		};
		BFF1D2911732BBCB00B02D46 = {
			isa = PBXGroup;
			children = (
				BFF1D2A31732BBCB00B02D46 /* Abacus */,
				BFEFB36D18253A4700793835 /* Abacus Tests */,
				BFF1D29C1732BBCB00B02D46 /* Frameworks */,
				BFF1D29B1732BBCB00B02D46 /* Products */,
			);
			sourceTree = "<group>";
		};
		BFF1D29B1732BBCB00B02D46 /* Products */ = {
			isa = PBXGroup;
			children = (
				BFF1D29A1732BBCB00B02D46 /* Abacus.app */,
				BFEFB36818253A4700793835 /* Abacus Tests.xctest */,
			);
			name = Products;
			sourceTree = "<group>";
		};
		BFF1D29C1732BBCB00B02D46 /* Frameworks */ = {
			isa = PBXGroup;
			children = (
				BFF5C81E173C1B2800D558C5 /* QuartzCore.framework */,
				BFE39206173A8C1700749966 /* Twitter.framework */,
				BFE39204173A8A1900749966 /* Social.framework */,
				BFE391FE1739356800749966 /* libsqlite3.0.dylib */,
				BFF1D3431733FBCC00B02D46 /* Security.framework */,
				BFF1D3261733DD6700B02D46 /* iAd.framework */,
				BFF1D29D1732BBCB00B02D46 /* UIKit.framework */,
				BFF1D29F1732BBCB00B02D46 /* Foundation.framework */,
				BFF1D2A11732BBCB00B02D46 /* CoreGraphics.framework */,
				BFEFB36918253A4700793835 /* XCTest.framework */,
			);
			name = Frameworks;
			sourceTree = "<group>";
		};
		BFF1D2A31732BBCB00B02D46 /* Abacus */ = {
			isa = PBXGroup;
			children = (
				BFB90BE1173E854600C19D0D /* Abacus.entitlements */,
				BFE391C11737F50900749966 /* Alerts.h */,
				BFE391C21737F50900749966 /* Alerts.m */,
				BFF1D2AC1732BBCB00B02D46 /* AppDelegate.h */,
				BFF1D2AD1732BBCB00B02D46 /* AppDelegate.m */,
				BFF1D3341733F57100B02D46 /* CalculatorViewController-568h@2x.xib */,
				BFF1D3321733F57000B02D46 /* CalculatorViewController.h */,
				BFF1D3331733F57000B02D46 /* CalculatorViewController.m */,
				BFE391BF1737DD4500749966 /* CalculatorViewController.xib */,
				BFF1D3371733F8F900B02D46 /* CheckBox.h */,
				BFF1D3381733F8F900B02D46 /* CheckBox.m */,
				BFF5C826173D585C00D558C5 /* CompleteProjectViewController.h */,
				BFF5C827173D585C00D558C5 /* CompleteProjectViewController.m */,
				BFF5C828173D585C00D558C5 /* CompleteProjectViewController.xib */,
				BFE391FB1739351300749966 /* Database.h */,
				BFE391FC1739351400749966 /* Database.m */,
				BFE391B517341BEB00749966 /* EditProfileViewController.h */,
				BFE391B617341BEC00749966 /* EditProfileViewController.m */,
				BFE391B717341BEC00749966 /* EditProfileViewController.xib */,
				BFBA8F24173AEE2200563117 /* EditProjectViewController.h */,
				BFBA8F25173AEE2200563117 /* EditProjectViewController.m */,
				BFBA8F26173AEE2200563117 /* EditProjectViewController.xib */,
				BFB90BDC173E7AF100C19D0D /* EULAViewController.h */,
				BFB90BDD173E7AF100C19D0D /* EULAViewController.m */,
				BFB90BDE173E7AF100C19D0D /* EULAViewController.xib */,
				BFB90BE217411CFB00C19D0D /* HourlyRateKeyboard.xib */,
				BF88DD74174283CD00E56100 /* HourlyRateKeyboard2.xib */,
				BFF5C81C173C0B6F00D558C5 /* Keyboard.Toolbar.xib */,
				BFE391B1173414B500749966 /* MenuCell.xib */,
				BFF1D3281733E06300B02D46 /* MenuViewController.h */,
				BFF1D3291733E06300B02D46 /* MenuViewController.m */,
				BFF1D32A1733E06300B02D46 /* MenuViewController.xib */,
				BFF5C811173BEB6200D558C5 /* NSDate+Customizations.h */,
				BFF5C812173BEB6200D558C5 /* NSDate+Customizations.m */,
				BFF1D3391733F8F900B02D46 /* Persist.h */,
				BFF1D33A1733F8F900B02D46 /* Persist.m */,
				BFF1D32D1733F53F00B02D46 /* ProfileSummaryViewController.h */,
				BFF1D32E1733F53F00B02D46 /* ProfileSummaryViewController.m */,
				BFF1D32F1733F53F00B02D46 /* ProfileSummaryViewController.xib */,
				BFBA8EFC173AAFB200563117 /* ProjectCell.xib */,
				BFBA8EF3173AACF300563117 /* ProjectsViewController.h */,
				BFBA8EF4173AACF300563117 /* ProjectsViewController.m */,
				BFBA8EF5173AACF300563117 /* ProjectsViewController.xib */,
				BFF1D33B1733F8F900B02D46 /* PullDown.h */,
				BFF1D33C1733F8FA00B02D46 /* PullDown.m */,
				BFF1D33D1733F8FA00B02D46 /* RadioButton.h */,
				BFF1D33E1733F8FA00B02D46 /* RadioButton.m */,
				BFF1D2B51732BBCB00B02D46 /* RootViewController.h */,
				BFF1D2B61732BBCB00B02D46 /* RootViewController.m */,
				BFF1D2B81732BBCB00B02D46 /* RootViewController.xib */,
				BF88DD761743BA6200E56100 /* StartingDateView.xib */,
				BFE391BC173439AC00749966 /* SwipeyLabel.h */,
				BFE391BD173439AC00749966 /* SwipeyLabel.m */,
				BFF1D2C01732BECA00B02D46 /* UIImage+Retina4.h */,
				BFF1D2C11732BECA00B02D46 /* UIImage+Retina4.m */,
				BFF1D2C31732BF1C00B02D46 /* UITextField+Customizations.h */,
				BFF1D2C41732BF1C00B02D46 /* UITextField+Customizations.m */,
				BFBA8F2C173BCDA000563117 /* UITextView+Customizations.h */,
				BFBA8F2D173BCDA100563117 /* UITextView+Customizations.m */,
				BFBA8F29173BC6FF00563117 /* UIViewController+Customizations.h */,
				BFBA8F2A173BC70000563117 /* UIViewController+Customizations.m */,
				BFE391CA1738119F00749966 /* WebViewController.h */,
				BFE391CB1738119F00749966 /* WebViewController.m */,
				BFE391CC1738119F00749966 /* WebViewController.xib */,
				BFEFB3621825399E00793835 /* Images.xcassets */,
				BFF1D2A41732BBCB00B02D46 /* Supporting Files */,
			);
			path = Abacus;
			sourceTree = "<group>";
		};
		BFF1D2A41732BBCB00B02D46 /* Supporting Files */ = {
			isa = PBXGroup;
			children = (
				BFF1D2A51732BBCB00B02D46 /* Abacus-Info.plist */,
				BFF1D2AB1732BBCB00B02D46 /* Abacus-Prefix.pch */,
				BFF1D2A61732BBCB00B02D46 /* InfoPlist.strings */,
				BFF1D2A91732BBCB00B02D46 /* main.m */,
			);
			name = "Supporting Files";
			sourceTree = "<group>";
		};
/* End PBXGroup section */

/* Begin PBXNativeTarget section */
		BFEFB36718253A4700793835 /* Abacus Tests */ = {
			isa = PBXNativeTarget;
			buildConfigurationList = BFEFB37818253A4700793835 /* Build configuration list for PBXNativeTarget "Abacus Tests" */;
			buildPhases = (
				BFEFB36418253A4700793835 /* Sources */,
				BFEFB36518253A4700793835 /* Frameworks */,
				BFEFB36618253A4700793835 /* Resources */,
			);
			buildRules = (
			);
			dependencies = (
				BFEFB37718253A4700793835 /* PBXTargetDependency */,
			);
			name = "Abacus Tests";
			productName = "Abacus Tests";
			productReference = BFEFB36818253A4700793835 /* Abacus Tests.xctest */;
			productType = "com.apple.product-type.bundle.unit-test";
		};
		BFF1D2991732BBCB00B02D46 /* Abacus */ = {
			isa = PBXNativeTarget;
			buildConfigurationList = BFF1D2BD1732BBCB00B02D46 /* Build configuration list for PBXNativeTarget "Abacus" */;
			buildPhases = (
				BFF1D2961732BBCB00B02D46 /* Sources */,
				BFF1D2971732BBCB00B02D46 /* Frameworks */,
				BFF1D2981732BBCB00B02D46 /* Resources */,
			);
			buildRules = (
			);
			dependencies = (
			);
			name = Abacus;
			productName = Abacus;
			productReference = BFF1D29A1732BBCB00B02D46 /* Abacus.app */;
			productType = "com.apple.product-type.application";
		};
/* End PBXNativeTarget section */

/* Begin PBXProject section */
		BFF1D2921732BBCB00B02D46 /* Project object */ = {
			isa = PBXProject;
			attributes = {
				LastUpgradeCheck = 0460;
				ORGANIZATIONNAME = "Graham Savage";
				TargetAttributes = {
					BFEFB36718253A4700793835 = {
						TestTargetID = BFF1D2991732BBCB00B02D46;
					};
					BFF1D2991732BBCB00B02D46 = {
						DevelopmentTeam = HD6AC27BK2;
						SystemCapabilities = {
							com.apple.InAppPurchase = {
								enabled = 0;
							};
							com.apple.Keychain = {
								enabled = 0;
							};
							com.apple.iCloud = {
								enabled = 0;
							};
						};
					};
				};
			};
			buildConfigurationList = BFF1D2951732BBCB00B02D46 /* Build configuration list for PBXProject "Abacus" */;
			compatibilityVersion = "Xcode 3.2";
			developmentRegion = English;
			hasScannedForEncodings = 0;
			knownRegions = (
				en,
			);
			mainGroup = BFF1D2911732BBCB00B02D46;
			productRefGroup = BFF1D29B1732BBCB00B02D46 /* Products */;
			projectDirPath = "";
			projectRoot = "";
			targets = (
				BFF1D2991732BBCB00B02D46 /* Abacus */,
				BFEFB36718253A4700793835 /* Abacus Tests */,
			);
		};
/* End PBXProject section */

/* Begin PBXResourcesBuildPhase section */
		BFEFB36618253A4700793835 /* Resources */ = {
			isa = PBXResourcesBuildPhase;
			buildActionMask = 2147483647;
			files = (
				BFEFB37218253A4700793835 /* InfoPlist.strings in Resources */,
			);
			runOnlyForDeploymentPostprocessing = 0;
		};
		BFF1D2981732BBCB00B02D46 /* Resources */ = {
			isa = PBXResourcesBuildPhase;
			buildActionMask = 2147483647;
			files = (
				BFF1D2A81732BBCB00B02D46 /* InfoPlist.strings in Resources */,
				BFF1D2BA1732BBCB00B02D46 /* RootViewController.xib in Resources */,
				BFEFB3631825399E00793835 /* Images.xcassets in Resources */,
				BFF1D32C1733E06300B02D46 /* MenuViewController.xib in Resources */,
				BFF1D3311733F54000B02D46 /* ProfileSummaryViewController.xib in Resources */,
				BFF1D3361733F57100B02D46 /* CalculatorViewController-568h@2x.xib in Resources */,
				BFE391B2173414B500749966 /* MenuCell.xib in Resources */,
				BFE391B917341BEC00749966 /* EditProfileViewController.xib in Resources */,
				BFE391C01737DD4500749966 /* CalculatorViewController.xib in Resources */,
				BFE391CE173811A000749966 /* WebViewController.xib in Resources */,
				BFBA8EF7173AACF300563117 /* ProjectsViewController.xib in Resources */,
				BFBA8EFD173AAFB200563117 /* ProjectCell.xib in Resources */,
				BFBA8F28173AEE2200563117 /* EditProjectViewController.xib in Resources */,
				BFF5C81D173C0B6F00D558C5 /* Keyboard.Toolbar.xib in Resources */,
				BFF5C82A173D585D00D558C5 /* CompleteProjectViewController.xib in Resources */,
				BFB90BE0173E7AF100C19D0D /* EULAViewController.xib in Resources */,
				BFB90BE317411CFB00C19D0D /* HourlyRateKeyboard.xib in Resources */,
				BF88DD75174283CD00E56100 /* HourlyRateKeyboard2.xib in Resources */,
				BF88DD771743BA6200E56100 /* StartingDateView.xib in Resources */,
			);
			runOnlyForDeploymentPostprocessing = 0;
		};
/* End PBXResourcesBuildPhase section */

/* Begin PBXSourcesBuildPhase section */
		BFEFB36418253A4700793835 /* Sources */ = {
			isa = PBXSourcesBuildPhase;
			buildActionMask = 2147483647;
			files = (
				BFEFB37418253A4700793835 /* Abacus_Tests.m in Sources */,
			);
			runOnlyForDeploymentPostprocessing = 0;
		};
		BFF1D2961732BBCB00B02D46 /* Sources */ = {
			isa = PBXSourcesBuildPhase;
			buildActionMask = 2147483647;
			files = (
				BFF1D2AA1732BBCB00B02D46 /* main.m in Sources */,
				BFF1D2AE1732BBCB00B02D46 /* AppDelegate.m in Sources */,
				BFF1D2B71732BBCB00B02D46 /* RootViewController.m in Sources */,
				BFF1D2C21732BECA00B02D46 /* UIImage+Retina4.m in Sources */,
				BFF1D2C51732BF1C00B02D46 /* UITextField+Customizations.m in Sources */,
				BFF1D32B1733E06300B02D46 /* MenuViewController.m in Sources */,
				BFF1D3301733F54000B02D46 /* ProfileSummaryViewController.m in Sources */,
				BFF1D3351733F57100B02D46 /* CalculatorViewController.m in Sources */,
				BFF1D33F1733F8FA00B02D46 /* CheckBox.m in Sources */,
				BFF1D3401733F8FA00B02D46 /* Persist.m in Sources */,
				BFF1D3411733F8FA00B02D46 /* PullDown.m in Sources */,
				BFF1D3421733F8FA00B02D46 /* RadioButton.m in Sources */,
				BFE391B817341BEC00749966 /* EditProfileViewController.m in Sources */,
				BFE391BE173439AC00749966 /* SwipeyLabel.m in Sources */,
				BFE391C31737F50900749966 /* Alerts.m in Sources */,
				BFE391CD173811A000749966 /* WebViewController.m in Sources */,
				BFE391FD1739351500749966 /* Database.m in Sources */,
				BFBA8EF6173AACF300563117 /* ProjectsViewController.m in Sources */,
				BFBA8F27173AEE2200563117 /* EditProjectViewController.m in Sources */,
				BFBA8F2B173BC70000563117 /* UIViewController+Customizations.m in Sources */,
				BFBA8F2E173BCDA100563117 /* UITextView+Customizations.m in Sources */,
				BFF5C813173BEB6200D558C5 /* NSDate+Customizations.m in Sources */,
				BFF5C829173D585D00D558C5 /* CompleteProjectViewController.m in Sources */,
				BFB90BDF173E7AF100C19D0D /* EULAViewController.m in Sources */,
			);
			runOnlyForDeploymentPostprocessing = 0;
		};
/* End PBXSourcesBuildPhase section */

/* Begin PBXTargetDependency section */
		BFEFB37718253A4700793835 /* PBXTargetDependency */ = {
			isa = PBXTargetDependency;
			target = BFF1D2991732BBCB00B02D46 /* Abacus */;
			targetProxy = BFEFB37618253A4700793835 /* PBXContainerItemProxy */;
		};
/* End PBXTargetDependency section */

/* Begin PBXVariantGroup section */
		BFEFB37018253A4700793835 /* InfoPlist.strings */ = {
			isa = PBXVariantGroup;
			children = (
				BFEFB37118253A4700793835 /* en */,
			);
			name = InfoPlist.strings;
			sourceTree = "<group>";
		};
		BFF1D2A61732BBCB00B02D46 /* InfoPlist.strings */ = {
			isa = PBXVariantGroup;
			children = (
				BFF1D2A71732BBCB00B02D46 /* en */,
			);
			name = InfoPlist.strings;
			sourceTree = "<group>";
		};
		BFF1D2B81732BBCB00B02D46 /* RootViewController.xib */ = {
			isa = PBXVariantGroup;
			children = (
				BFF1D2B91732BBCB00B02D46 /* en */,
			);
			name = RootViewController.xib;
			sourceTree = "<group>";
		};
/* End PBXVariantGroup section */

/* Begin XCBuildConfiguration section */
		BFEFB37918253A4700793835 /* Debug */ = {
			isa = XCBuildConfiguration;
			buildSettings = {
				ARCHS = "$(ARCHS_STANDARD_INCLUDING_64_BIT)";
				BUNDLE_LOADER = "$(BUILT_PRODUCTS_DIR)/Abacus.app/Abacus";
				CLANG_ENABLE_MODULES = YES;
				CLANG_ENABLE_OBJC_ARC = YES;
				CLANG_WARN_BOOL_CONVERSION = YES;
				CLANG_WARN_DIRECT_OBJC_ISA_USAGE = YES_ERROR;
				CLANG_WARN_OBJC_ROOT_CLASS = YES_ERROR;
				FRAMEWORK_SEARCH_PATHS = (
					"$(SDKROOT)/Developer/Library/Frameworks",
					"$(inherited)",
					"$(DEVELOPER_FRAMEWORKS_DIR)",
				);
				GCC_PRECOMPILE_PREFIX_HEADER = YES;
				GCC_PREFIX_HEADER = "Abacus Tests/Abacus Tests-Prefix.pch";
				GCC_PREPROCESSOR_DEFINITIONS = (
					"DEBUG=1",
					"$(inherited)",
				);
				GCC_WARN_64_TO_32_BIT_CONVERSION = YES;
				GCC_WARN_ABOUT_RETURN_TYPE = YES_ERROR;
				GCC_WARN_UNDECLARED_SELECTOR = YES;
				GCC_WARN_UNUSED_FUNCTION = YES;
				INFOPLIST_FILE = "Abacus Tests/Abacus Tests-Info.plist";
				PRODUCT_NAME = "$(TARGET_NAME)";
				TEST_HOST = "$(BUNDLE_LOADER)";
				WRAPPER_EXTENSION = xctest;
			};
			name = Debug;
		};
		BFEFB37A18253A4700793835 /* Release */ = {
			isa = XCBuildConfiguration;
			buildSettings = {
				ARCHS = "$(ARCHS_STANDARD_INCLUDING_64_BIT)";
				BUNDLE_LOADER = "$(BUILT_PRODUCTS_DIR)/Abacus.app/Abacus";
				CLANG_ENABLE_MODULES = YES;
				CLANG_ENABLE_OBJC_ARC = YES;
				CLANG_WARN_BOOL_CONVERSION = YES;
				CLANG_WARN_DIRECT_OBJC_ISA_USAGE = YES_ERROR;
				CLANG_WARN_OBJC_ROOT_CLASS = YES_ERROR;
				ENABLE_NS_ASSERTIONS = NO;
				FRAMEWORK_SEARCH_PATHS = (
					"$(SDKROOT)/Developer/Library/Frameworks",
					"$(inherited)",
					"$(DEVELOPER_FRAMEWORKS_DIR)",
				);
				GCC_PRECOMPILE_PREFIX_HEADER = YES;
				GCC_PREFIX_HEADER = "Abacus Tests/Abacus Tests-Prefix.pch";
				GCC_WARN_64_TO_32_BIT_CONVERSION = YES;
				GCC_WARN_ABOUT_RETURN_TYPE = YES_ERROR;
				GCC_WARN_UNDECLARED_SELECTOR = YES;
				GCC_WARN_UNUSED_FUNCTION = YES;
				INFOPLIST_FILE = "Abacus Tests/Abacus Tests-Info.plist";
				PRODUCT_NAME = "$(TARGET_NAME)";
				TEST_HOST = "$(BUNDLE_LOADER)";
				WRAPPER_EXTENSION = xctest;
			};
			name = Release;
		};
		BFF1D2BB1732BBCB00B02D46 /* Debug */ = {
			isa = XCBuildConfiguration;
			buildSettings = {
				ALWAYS_SEARCH_USER_PATHS = NO;
				CLANG_CXX_LANGUAGE_STANDARD = "gnu++0x";
				CLANG_CXX_LIBRARY = "libc++";
				CLANG_WARN_CONSTANT_CONVERSION = YES;
				CLANG_WARN_EMPTY_BODY = YES;
				CLANG_WARN_ENUM_CONVERSION = YES;
				CLANG_WARN_INT_CONVERSION = YES;
				CLANG_WARN__DUPLICATE_METHOD_MATCH = YES;
				"CODE_SIGN_IDENTITY[sdk=iphoneos*]" = "iPhone Developer";
				COPY_PHASE_STRIP = NO;
				GCC_C_LANGUAGE_STANDARD = gnu99;
				GCC_DYNAMIC_NO_PIC = NO;
				GCC_OPTIMIZATION_LEVEL = 0;
				GCC_PREPROCESSOR_DEFINITIONS = (
					"DEBUG=1",
					"$(inherited)",
				);
				GCC_SYMBOLS_PRIVATE_EXTERN = NO;
				GCC_WARN_ABOUT_RETURN_TYPE = YES;
				GCC_WARN_UNINITIALIZED_AUTOS = YES;
				GCC_WARN_UNUSED_VARIABLE = YES;
				IPHONEOS_DEPLOYMENT_TARGET = 7.0;
				ONLY_ACTIVE_ARCH = YES;
				SDKROOT = iphoneos;
			};
			name = Debug;
		};
		BFF1D2BC1732BBCB00B02D46 /* Release */ = {
			isa = XCBuildConfiguration;
			buildSettings = {
				ALWAYS_SEARCH_USER_PATHS = NO;
				CLANG_CXX_LANGUAGE_STANDARD = "gnu++0x";
				CLANG_CXX_LIBRARY = "libc++";
				CLANG_WARN_CONSTANT_CONVERSION = YES;
				CLANG_WARN_EMPTY_BODY = YES;
				CLANG_WARN_ENUM_CONVERSION = YES;
				CLANG_WARN_INT_CONVERSION = YES;
				CLANG_WARN__DUPLICATE_METHOD_MATCH = YES;
				"CODE_SIGN_IDENTITY[sdk=iphoneos*]" = "iPhone Developer";
				COPY_PHASE_STRIP = YES;
				GCC_C_LANGUAGE_STANDARD = gnu99;
				GCC_WARN_ABOUT_RETURN_TYPE = YES;
				GCC_WARN_UNINITIALIZED_AUTOS = YES;
				GCC_WARN_UNUSED_VARIABLE = YES;
				IPHONEOS_DEPLOYMENT_TARGET = 7.0;
				OTHER_CFLAGS = "-DNS_BLOCK_ASSERTIONS=1";
				SDKROOT = iphoneos;
				VALIDATE_PRODUCT = YES;
			};
			name = Release;
		};
		BFF1D2BE1732BBCB00B02D46 /* Debug */ = {
			isa = XCBuildConfiguration;
			buildSettings = {
				ASSETCATALOG_COMPILER_APPICON_NAME = AppIcon;
				ASSETCATALOG_COMPILER_LAUNCHIMAGE_NAME = LaunchImage;
				CODE_SIGN_IDENTITY = "iPhone Developer";
				"CODE_SIGN_IDENTITY[sdk=iphoneos*]" = "iPhone Developer";
				GCC_PRECOMPILE_PREFIX_HEADER = YES;
				GCC_PREFIX_HEADER = "Abacus/Abacus-Prefix.pch";
				INFOPLIST_FILE = "Abacus/Abacus-Info.plist";
				IPHONEOS_DEPLOYMENT_TARGET = 7.0;
				PRODUCT_NAME = "$(TARGET_NAME)";
				PROVISIONING_PROFILE = "";
				"PROVISIONING_PROFILE[sdk=iphoneos*]" = "0860DE4B-1736-420F-B78B-D8528D116E9D";
				TARGETED_DEVICE_FAMILY = 1;
				WRAPPER_EXTENSION = app;
			};
			name = Debug;
		};
		BFF1D2BF1732BBCB00B02D46 /* Release */ = {
			isa = XCBuildConfiguration;
			buildSettings = {
				ASSETCATALOG_COMPILER_APPICON_NAME = AppIcon;
				ASSETCATALOG_COMPILER_LAUNCHIMAGE_NAME = LaunchImage;
				CODE_SIGN_IDENTITY = "iPhone Developer";
				"CODE_SIGN_IDENTITY[sdk=iphoneos*]" = "iPhone Developer";
				GCC_PRECOMPILE_PREFIX_HEADER = YES;
				GCC_PREFIX_HEADER = "Abacus/Abacus-Prefix.pch";
				INFOPLIST_FILE = "Abacus/Abacus-Info.plist";
				IPHONEOS_DEPLOYMENT_TARGET = 7.0;
				PRODUCT_NAME = "$(TARGET_NAME)";
				PROVISIONING_PROFILE = "";
				"PROVISIONING_PROFILE[sdk=iphoneos*]" = "0860DE4B-1736-420F-B78B-D8528D116E9D";
				TARGETED_DEVICE_FAMILY = 1;
				WRAPPER_EXTENSION = app;
			};
			name = Release;
		};
/* End XCBuildConfiguration section */

/* Begin XCConfigurationList section */
		BFEFB37818253A4700793835 /* Build configuration list for PBXNativeTarget "Abacus Tests" */ = {
			isa = XCConfigurationList;
			buildConfigurations = (
				BFEFB37918253A4700793835 /* Debug */,
				BFEFB37A18253A4700793835 /* Release */,
			);
			defaultConfigurationIsVisible = 0;
		};
		BFF1D2951732BBCB00B02D46 /* Build configuration list for PBXProject "Abacus" */ = {
			isa = XCConfigurationList;
			buildConfigurations = (
				BFF1D2BB1732BBCB00B02D46 /* Debug */,
				BFF1D2BC1732BBCB00B02D46 /* Release */,
			);
			defaultConfigurationIsVisible = 0;
			defaultConfigurationName = Release;
		};
		BFF1D2BD1732BBCB00B02D46 /* Build configuration list for PBXNativeTarget "Abacus" */ = {
			isa = XCConfigurationList;
			buildConfigurations = (
				BFF1D2BE1732BBCB00B02D46 /* Debug */,
				BFF1D2BF1732BBCB00B02D46 /* Release */,
			);
			defaultConfigurationIsVisible = 0;
			defaultConfigurationName = Release;
		};
/* End XCConfigurationList section */
	};
	rootObject = BFF1D2921732BBCB00B02D46 /* Project object */;
}
